{
  "version": 4,
  "terraform_version": "1.12.2",
  "serial": 22,
  "lineage": "c2cd26c2-16f1-19b5-cb4d-b3cd4318b9b5",
  "outputs": {},
  "resources": [
    {
      "mode": "managed",
      "type": "scaleway_k8s_cluster",
      "name": "cluster",
      "provider": "provider[\"registry.terraform.io/scaleway/scaleway\"]",
      "instances": [
        {
          "schema_version": 0,
          "attributes": {
            "admission_plugins": [],
            "apiserver_cert_sans": [],
            "apiserver_url": "https://20986b76-09e2-492a-920d-0370dbcbe669.api.k8s.fr-par.scw.cloud:6443",
            "auto_upgrade": [
              {
                "enable": false,
                "maintenance_window_day": "any",
                "maintenance_window_start_hour": 0
              }
            ],
            "autoscaler_config": [
              {
                "balance_similar_node_groups": false,
                "disable_scale_down": false,
                "estimator": "binpacking",
                "expander": "random",
                "expendable_pods_priority_cutoff": 0,
                "ignore_daemonsets_utilization": false,
                "max_graceful_termination_sec": 0,
                "scale_down_delay_after_add": "10m",
                "scale_down_unneeded_time": "10m",
                "scale_down_utilization_threshold": 0.5
              }
            ],
            "cni": "cilium",
            "created_at": "2025-07-18T10:08:56Z",
            "delete_additional_resources": false,
            "description": "",
            "feature_gates": [],
            "id": "fr-par/20986b76-09e2-492a-920d-0370dbcbe669",
            "kubeconfig": [
              {
                "cluster_ca_certificate": "LS0tLS1CRUdJTiBDRVJUSUZJQ0FURS0tLS0tCk1JSUM1ekNDQWMrZ0F3SUJBZ0lCQURBTkJna3Foa2lHOXcwQkFRc0ZBREFWTVJNd0VRWURWUVFERXdwcmRXSmwKY201bGRHVnpNQjRYRFRJMU1EY3hOekV3TURnMU4xb1hEVE0xTURjeE56RXdNRGcxTjFvd0ZURVRNQkVHQTFVRQpBeE1LYTNWaVpYSnVaWFJsY3pDQ0FTSXdEUVlKS29aSWh2Y05BUUVCQlFBRGdnRVBBRENDQVFvQ2dnRUJBS09TCkpLaERXUCtvbUxZYmlZK2FmcUdZdndkNXc2WVdxV042QmVEa0pGSjgzTzk1RkNLOVJON2hpQ2pUK0hEZjlCZUwKS2pUZ25lWkNEeVhsdkUwRm5lUjZFdUtrNGd3SmJFRkFvL3VXWHdGWVFzOWQrQmZxeEZCVjFsMlFMSVp1SWNaUApPb3lZTGd0dFBnODBUWUlyOEJ1a1BwRTN0OFA3aGtIeXNUeEF2Q201NUQ3TnhXaTMwNFNQZjFJQkVmZlRQQjN4CmpCZnBJUUhiNjRoakYrZmJHZzc3bU5ldDd1eEJLeHpPNExoSlUwa3h6NGxRWWNUU21iTEZmMDJuZmVhL0UrNVgKNXBNeFU2M25Oa1JnZnkwNlpBVmtkc1FkMHJCWk5KV1JJQ1BZV0hUZjZRL1FtbmNwbHdSakRMT1NaZWpuU0NrTQpqcStWRHRhR1Vld3QweVQzSzJVQ0F3RUFBYU5DTUVBd0RnWURWUjBQQVFIL0JBUURBZ0trTUE4R0ExVWRFd0VCCi93UUZNQU1CQWY4d0hRWURWUjBPQkJZRUZNeVBZOG9naEhoNGdIdEs0STBIKy9pbFFBakJNQTBHQ1NxR1NJYjMKRFFFQkN3VUFBNElCQVFBY01jTHBkVEJsMGlDMk9mTGVpYXdRci9QczkyQk1HNE95RDlnd0JHbmZDSmkvMHZ2UAphcnQ2MmxSNEg4NDlZNmhwZWJiQWlNc0VMS1NBcWNFRVhsb0VyOFNsYWlpM1NmMTBLMlEwc0pTcWNwSjZVTyttCms5Qzlaa1Y2OHk4bW85bDExUEZLaDZnZUlweEs0dmdXVVFPT0hsQkdtN044ZHZpVkFoTWQvT2U4SDBHQ3RmSHIKTFhDVUhEa09YNXAxVytPSC9hZDNFOVF3aGZTZ1FCTkFqUy9yYzQ2alorZUk3NG1LbTI4M20xaVExMHZHR0owMApGSUNIMytUbU1FZm41MitVWktEWnZLbmluUkN3QytDcE5rdXhPMmVaSk1pQk85cDJKb1JJQzFFUmlqQVZ6Q21TCkJOaXdGNXhsUHZPczhYRXd5UnBPalpLMC91SkMyNEVpSEZnNgotLS0tLUVORCBDRVJUSUZJQ0FURS0tLS0tCg==",
                "config_file": "apiVersion: v1\nclusters:\n- name: \"grp-4\"\n  cluster:\n    certificate-authority-data: LS0tLS1CRUdJTiBDRVJUSUZJQ0FURS0tLS0tCk1JSUM1ekNDQWMrZ0F3SUJBZ0lCQURBTkJna3Foa2lHOXcwQkFRc0ZBREFWTVJNd0VRWURWUVFERXdwcmRXSmwKY201bGRHVnpNQjRYRFRJMU1EY3hOekV3TURnMU4xb1hEVE0xTURjeE56RXdNRGcxTjFvd0ZURVRNQkVHQTFVRQpBeE1LYTNWaVpYSnVaWFJsY3pDQ0FTSXdEUVlKS29aSWh2Y05BUUVCQlFBRGdnRVBBRENDQVFvQ2dnRUJBS09TCkpLaERXUCtvbUxZYmlZK2FmcUdZdndkNXc2WVdxV042QmVEa0pGSjgzTzk1RkNLOVJON2hpQ2pUK0hEZjlCZUwKS2pUZ25lWkNEeVhsdkUwRm5lUjZFdUtrNGd3SmJFRkFvL3VXWHdGWVFzOWQrQmZxeEZCVjFsMlFMSVp1SWNaUApPb3lZTGd0dFBnODBUWUlyOEJ1a1BwRTN0OFA3aGtIeXNUeEF2Q201NUQ3TnhXaTMwNFNQZjFJQkVmZlRQQjN4CmpCZnBJUUhiNjRoakYrZmJHZzc3bU5ldDd1eEJLeHpPNExoSlUwa3h6NGxRWWNUU21iTEZmMDJuZmVhL0UrNVgKNXBNeFU2M25Oa1JnZnkwNlpBVmtkc1FkMHJCWk5KV1JJQ1BZV0hUZjZRL1FtbmNwbHdSakRMT1NaZWpuU0NrTQpqcStWRHRhR1Vld3QweVQzSzJVQ0F3RUFBYU5DTUVBd0RnWURWUjBQQVFIL0JBUURBZ0trTUE4R0ExVWRFd0VCCi93UUZNQU1CQWY4d0hRWURWUjBPQkJZRUZNeVBZOG9naEhoNGdIdEs0STBIKy9pbFFBakJNQTBHQ1NxR1NJYjMKRFFFQkN3VUFBNElCQVFBY01jTHBkVEJsMGlDMk9mTGVpYXdRci9QczkyQk1HNE95RDlnd0JHbmZDSmkvMHZ2UAphcnQ2MmxSNEg4NDlZNmhwZWJiQWlNc0VMS1NBcWNFRVhsb0VyOFNsYWlpM1NmMTBLMlEwc0pTcWNwSjZVTyttCms5Qzlaa1Y2OHk4bW85bDExUEZLaDZnZUlweEs0dmdXVVFPT0hsQkdtN044ZHZpVkFoTWQvT2U4SDBHQ3RmSHIKTFhDVUhEa09YNXAxVytPSC9hZDNFOVF3aGZTZ1FCTkFqUy9yYzQ2alorZUk3NG1LbTI4M20xaVExMHZHR0owMApGSUNIMytUbU1FZm41MitVWktEWnZLbmluUkN3QytDcE5rdXhPMmVaSk1pQk85cDJKb1JJQzFFUmlqQVZ6Q21TCkJOaXdGNXhsUHZPczhYRXd5UnBPalpLMC91SkMyNEVpSEZnNgotLS0tLUVORCBDRVJUSUZJQ0FURS0tLS0tCg==\n    server: https://20986b76-09e2-492a-920d-0370dbcbe669.api.k8s.fr-par.scw.cloud:6443\ncontexts:\n- name: admin@grp-4\n  context:\n    cluster: \"grp-4\"\n    user: grp-4-admin\ncurrent-context: admin@grp-4\nkind: Config\npreferences: {}\nusers:\n- name: grp-4-admin\n  user:\n    token: rJHgavOedHeqf4BjbnzdDinAZ7DByEzhTJOr7GfFTRJjIRDt5tC22K4u",
                "host": "https://20986b76-09e2-492a-920d-0370dbcbe669.api.k8s.fr-par.scw.cloud:6443",
                "token": "rJHgavOedHeqf4BjbnzdDinAZ7DByEzhTJOr7GfFTRJjIRDt5tC22K4u"
              }
            ],
            "name": "grp-4",
            "open_id_connect_config": [
              {
                "client_id": "",
                "groups_claim": [],
                "groups_prefix": "",
                "issuer_url": "",
                "required_claim": [],
                "username_claim": "",
                "username_prefix": ""
              }
            ],
            "organization_id": "b5408fa8-956a-42bc-80d5-a1d3eb031f4c",
            "private_network_id": "9ff56c46-9a70-47c2-9aac-b465a4d6f3fb",
            "project_id": "af37e4fc-e172-4e7b-807d-932ea1afe8dd",
            "region": "fr-par",
            "status": "pool_required",
            "tags": [],
            "timeouts": null,
            "type": "kapsule",
            "updated_at": "2025-07-18T10:30:51Z",
            "upgrade_available": false,
            "version": "1.32.3",
            "wildcard_dns": "*.20986b76-09e2-492a-920d-0370dbcbe669.nodes.k8s.fr-par.scw.cloud"
          },
          "sensitive_attributes": [
            [
              {
                "type": "get_attr",
                "value": "kubeconfig"
              }
            ]
          ],
          "identity_schema_version": 0,
          "private": "eyJlMmJmYjczMC1lY2FhLTExZTYtOGY4OC0zNDM2M2JjN2M0YzAiOnsiY3JlYXRlIjo5MDAwMDAwMDAwMDAsImRlZmF1bHQiOjkwMDAwMDAwMDAwMCwiZGVsZXRlIjo5MDAwMDAwMDAwMDAsInJlYWQiOjkwMDAwMDAwMDAwMCwidXBkYXRlIjo5MDAwMDAwMDAwMDB9fQ==",
          "dependencies": [
            "scaleway_vpc.main",
            "scaleway_vpc_private_network.main"
          ]
        }
      ]
    },
    {
      "mode": "managed",
      "type": "scaleway_k8s_pool",
      "name": "pool",
      "provider": "provider[\"registry.terraform.io/scaleway/scaleway\"]",
      "instances": [
        {
          "schema_version": 0,
          "attributes": {
            "autohealing": true,
            "autoscaling": true,
            "cluster_id": "fr-par/20986b76-09e2-492a-920d-0370dbcbe669",
            "container_runtime": "containerd",
            "created_at": "2025-07-18T10:30:53Z",
            "current_size": 1,
            "id": "fr-par/fbd1f421-1cb3-4fa0-8f4c-bb2ba8f1fb18",
            "kubelet_args": null,
            "max_size": 1,
            "min_size": 1,
            "name": "grp-4-pool-1",
            "node_type": "dev1_m",
            "nodes": [
              {
                "id": "e2fce064-9d3e-45d0-a39f-9d4cc1b3d219",
                "name": "scw-grp-4-grp-4-pool-1-e2fce0649d3e45d0a39f9d4",
                "private_ips": [
                  {
                    "address": "fd5d:6059:56c1:e004:d612:3619:4800:1333",
                    "id": "fr-par/3ccf61a4-3691-4fb1-8f08-13bfd9caaf07"
                  },
                  {
                    "address": "172.16.20.3",
                    "id": "fr-par/b1491e9d-1221-4546-bc79-5b95aa1d7e92"
                  }
                ],
                "public_ip": "51.159.135.154",
                "public_ip_v6": "",
                "status": "ready"
              }
            ],
            "placement_group_id": null,
            "public_ip_disabled": false,
            "region": "fr-par",
            "root_volume_size_in_gb": 40,
            "root_volume_type": "l_ssd",
            "security_group_id": "f1324f73-eef3-4674-889d-22a65d206ce5",
            "size": 1,
            "status": "ready",
            "tags": null,
            "timeouts": null,
            "updated_at": "2025-07-18T10:36:01Z",
            "upgrade_policy": [
              {
                "max_surge": 0,
                "max_unavailable": 1
              }
            ],
            "version": "1.32.3",
            "wait_for_pool_ready": true,
            "zone": "fr-par-2"
          },
          "sensitive_attributes": [],
          "identity_schema_version": 0,
          "private": "eyJlMmJmYjczMC1lY2FhLTExZTYtOGY4OC0zNDM2M2JjN2M0YzAiOnsiY3JlYXRlIjoxODAwMDAwMDAwMDAwLCJkZWZhdWx0IjoxODAwMDAwMDAwMDAwLCJkZWxldGUiOjE4MDAwMDAwMDAwMDAsInJlYWQiOjE4MDAwMDAwMDAwMDAsInVwZGF0ZSI6MTgwMDAwMDAwMDAwMH19",
          "dependencies": [
            "scaleway_k8s_cluster.cluster",
            "scaleway_vpc.main",
            "scaleway_vpc_private_network.main"
          ]
        }
      ]
    },
    {
      "mode": "managed",
      "type": "scaleway_vpc",
      "name": "main",
      "provider": "provider[\"registry.terraform.io/scaleway/scaleway\"]",
      "instances": [
        {
          "schema_version": 0,
          "attributes": {
            "created_at": "2025-07-18T10:08:53Z",
            "enable_custom_routes_propagation": true,
            "enable_routing": true,
            "id": "fr-par/fad93ef6-bd01-4e66-bf25-d3931a0274cc",
            "is_default": false,
            "name": "kubernetes-vpc-grp4",
            "organization_id": "b5408fa8-956a-42bc-80d5-a1d3eb031f4c",
            "project_id": "af37e4fc-e172-4e7b-807d-932ea1afe8dd",
            "region": "fr-par",
            "tags": null,
            "updated_at": "2025-07-18T10:18:47Z"
          },
          "sensitive_attributes": [],
          "identity_schema_version": 0,
          "private": "bnVsbA=="
        }
      ]
    },
    {
      "mode": "managed",
      "type": "scaleway_vpc_gateway_network",
      "name": "main",
      "provider": "provider[\"registry.terraform.io/scaleway/scaleway\"]",
      "instances": [
        {
          "schema_version": 0,
          "attributes": {
            "cleanup_dhcp": null,
            "created_at": "2025-07-18T10:18:50Z",
            "dhcp_id": null,
            "enable_dhcp": null,
            "enable_masquerade": true,
            "gateway_id": "fr-par-2/dc570f44-5a46-42c6-9e65-39ff1a074d21",
            "id": "fr-par-2/ceb9b2d8-b48c-48ae-8b57-6a51861ec84c",
            "ipam_config": [
              {
                "ipam_ip_id": "adb2d758-8e86-46c4-8d56-21bf143b9176",
                "push_default_route": true
              }
            ],
            "mac_address": "02:00:00:25:FE:7F",
            "private_ip": [
              {
                "address": "172.16.20.4",
                "id": "fr-par/adb2d758-8e86-46c4-8d56-21bf143b9176"
              }
            ],
            "private_network_id": "fr-par/9ff56c46-9a70-47c2-9aac-b465a4d6f3fb",
            "static_address": null,
            "status": "ready",
            "timeouts": null,
            "updated_at": "2025-07-18T10:18:58Z",
            "zone": "fr-par-2"
          },
          "sensitive_attributes": [],
          "identity_schema_version": 0,
          "private": "eyJlMmJmYjczMC1lY2FhLTExZTYtOGY4OC0zNDM2M2JjN2M0YzAiOnsiY3JlYXRlIjo2MDAwMDAwMDAwMDAsImRlZmF1bHQiOjYwMDAwMDAwMDAwMCwiZGVsZXRlIjo2MDAwMDAwMDAwMDAsInJlYWQiOjYwMDAwMDAwMDAwMCwidXBkYXRlIjo2MDAwMDAwMDAwMDB9fQ==",
          "dependencies": [
            "scaleway_vpc.main",
            "scaleway_vpc_private_network.main",
            "scaleway_vpc_public_gateway.main",
            "scaleway_vpc_public_gateway_ip.main"
          ]
        }
      ]
    },
    {
      "mode": "managed",
      "type": "scaleway_vpc_private_network",
      "name": "main",
      "provider": "provider[\"registry.terraform.io/scaleway/scaleway\"]",
      "instances": [
        {
          "schema_version": 1,
          "attributes": {
            "created_at": "2025-07-18T10:08:53Z",
            "enable_default_route_propagation": false,
            "id": "fr-par/9ff56c46-9a70-47c2-9aac-b465a4d6f3fb",
            "ipv4_subnet": [
              {
                "address": "172.16.20.0",
                "created_at": "2025-07-18T10:08:53Z",
                "id": "8aa9f7cc-0c1f-4849-a65a-618fa944ad06",
                "prefix_length": 22,
                "subnet": "172.16.20.0/22",
                "subnet_mask": "255.255.252.0",
                "updated_at": "2025-07-18T10:08:53Z"
              }
            ],
            "ipv6_subnets": [
              {
                "address": "fd5d:6059:56c1:e004::",
                "created_at": "2025-07-18T10:08:53Z",
                "id": "62f73c07-5363-4ebf-b6d6-baffe7bfa27c",
                "prefix_length": 64,
                "subnet": "fd5d:6059:56c1:e004::/64",
                "subnet_mask": "255.255.255.255.255.255.255.255.0.0.0.0.0.0.0.0",
                "updated_at": "2025-07-18T10:08:53Z"
              }
            ],
            "is_regional": true,
            "name": "Private-network-grp4",
            "organization_id": "b5408fa8-956a-42bc-80d5-a1d3eb031f4c",
            "project_id": "af37e4fc-e172-4e7b-807d-932ea1afe8dd",
            "region": "fr-par",
            "tags": [],
            "updated_at": "2025-07-18T10:18:56Z",
            "vpc_id": "fr-par/fad93ef6-bd01-4e66-bf25-d3931a0274cc",
            "zone": "fr-par-2"
          },
          "sensitive_attributes": [],
          "identity_schema_version": 0,
          "private": "eyJzY2hlbWFfdmVyc2lvbiI6IjEifQ==",
          "dependencies": [
            "scaleway_vpc.main"
          ]
        }
      ]
    },
    {
      "mode": "managed",
      "type": "scaleway_vpc_public_gateway",
      "name": "main",
      "provider": "provider[\"registry.terraform.io/scaleway/scaleway\"]",
      "instances": [
        {
          "schema_version": 0,
          "attributes": {
            "allowed_ip_ranges": [
              "0.0.0.0/0"
            ],
            "bandwidth": 100,
            "bastion_enabled": false,
            "bastion_port": 61000,
            "created_at": "2025-07-18T10:06:27Z",
            "enable_smtp": false,
            "id": "fr-par-2/dc570f44-5a46-42c6-9e65-39ff1a074d21",
            "ip_id": "fr-par-2/690e1e14-ee2f-4346-9309-1c1aaaec0848",
            "move_to_ipam": null,
            "name": "gateway-grp4",
            "organization_id": "b5408fa8-956a-42bc-80d5-a1d3eb031f4c",
            "project_id": "af37e4fc-e172-4e7b-807d-932ea1afe8dd",
            "refresh_ssh_keys": null,
            "status": "running",
            "tags": [],
            "timeouts": null,
            "type": "VPC-GW-S",
            "updated_at": "2025-07-18T10:18:58Z",
            "upstream_dns_servers": [],
            "zone": "fr-par-2"
          },
          "sensitive_attributes": [],
          "identity_schema_version": 0,
          "private": "eyJlMmJmYjczMC1lY2FhLTExZTYtOGY4OC0zNDM2M2JjN2M0YzAiOnsiY3JlYXRlIjo2MDAwMDAwMDAwMDAsImRlZmF1bHQiOjYwMDAwMDAwMDAwMCwiZGVsZXRlIjo2MDAwMDAwMDAwMDAsInJlYWQiOjYwMDAwMDAwMDAwMCwidXBkYXRlIjo2MDAwMDAwMDAwMDB9fQ==",
          "dependencies": [
            "scaleway_vpc_public_gateway_ip.main"
          ]
        }
      ]
    },
    {
      "mode": "managed",
      "type": "scaleway_vpc_public_gateway_ip",
      "name": "main",
      "provider": "provider[\"registry.terraform.io/scaleway/scaleway\"]",
      "instances": [
        {
          "index_key": 0,
          "schema_version": 0,
          "attributes": {
            "address": "51.159.146.229",
            "created_at": "2025-07-18T10:06:27Z",
            "id": "fr-par-2/690e1e14-ee2f-4346-9309-1c1aaaec0848",
            "organization_id": "b5408fa8-956a-42bc-80d5-a1d3eb031f4c",
            "project_id": "af37e4fc-e172-4e7b-807d-932ea1afe8dd",
            "reverse": "229-146-159-51.instances.scw.cloud",
            "tags": [],
            "updated_at": "2025-07-18T10:06:27Z",
            "zone": "fr-par-2"
          },
          "sensitive_attributes": [],
          "identity_schema_version": 0,
          "private": "bnVsbA=="
        }
      ]
    }
  ],
  "check_results": null
}
