{
  "version": 4,
  "terraform_version": "1.13.1",
  "serial": 227,
  "lineage": "c2cd26c2-16f1-19b5-cb4d-b3cd4318b9b5",
  "outputs": {},
  "resources": [
    {
      "mode": "data",
      "type": "scaleway_domain_zone",
      "name": "main",
      "provider": "provider[\"registry.terraform.io/scaleway/scaleway\"]",
      "instances": [
        {
          "schema_version": 0,
          "attributes": {
            "domain": "esgi.slashops.fr",
            "id": "grp-4.esgi.slashops.fr",
            "message": "",
            "ns": [
              "ns0.dom.scw.cloud",
              "ns1.dom.scw.cloud"
            ],
            "ns_default": [
              "ns0.dom.scw.cloud",
              "ns1.dom.scw.cloud"
            ],
            "ns_master": [],
            "project_id": "af37e4fc-e172-4e7b-807d-932ea1afe8dd",
            "status": "active",
            "subdomain": "grp-4",
            "updated_at": "2025-09-01 11:05:34 +0000 UTC"
          },
          "sensitive_attributes": [],
          "identity_schema_version": 0
        }
      ]
    },
    {
      "mode": "managed",
      "type": "helm_release",
      "name": "cert_manager",
      "provider": "provider[\"registry.terraform.io/hashicorp/helm\"]",
      "instances": [
        {
          "schema_version": 2,
          "attributes": {
            "atomic": false,
            "chart": "cert-manager",
            "cleanup_on_fail": false,
            "create_namespace": false,
            "dependency_update": false,
            "description": null,
            "devel": null,
            "disable_crd_hooks": false,
            "disable_openapi_validation": false,
            "disable_webhooks": false,
            "force_update": false,
            "id": "grp-4-cert-manager",
            "keyring": null,
            "lint": false,
            "manifest": null,
            "max_history": 0,
            "metadata": {
              "app_version": "v1.18.2",
              "chart": "cert-manager",
              "first_deployed": 1756795397,
              "last_deployed": 1756795397,
              "name": "grp-4-cert-manager",
              "namespace": "kube-system",
              "notes": "\n⚠️  WARNING: `installCRDs` is deprecated, use `crds.enabled` instead.\n⚠️  WARNING: New default private key rotation policy for Certificate resources.\nThe default private key rotation policy for Certificate resources was\nchanged to `Always` in cert-manager \u003e= v1.18.0.\nLearn more in the [1.18 release notes](https://cert-manager.io/docs/releases/release-notes/release-notes-1.18).\n\ncert-manager v1.18.2 has been deployed successfully!\n\nIn order to begin issuing certificates, you will need to set up a ClusterIssuer\nor Issuer resource (for example, by creating a 'letsencrypt-staging' issuer).\n\nMore information on the different types of issuers and how to configure them\ncan be found in our documentation:\n\nhttps://cert-manager.io/docs/configuration/\n\nFor information on how to configure cert-manager to automatically provision\nCertificates for Ingress resources, take a look at the `ingress-shim`\ndocumentation:\n\nhttps://cert-manager.io/docs/usage/ingress/\n",
              "revision": 1,
              "values": "{\"installCRDs\":true}",
              "version": "v1.18.2"
            },
            "name": "grp-4-cert-manager",
            "namespace": "kube-system",
            "pass_credentials": false,
            "postrender": null,
            "recreate_pods": false,
            "render_subchart_notes": true,
            "replace": false,
            "repository": "https://charts.jetstack.io",
            "repository_ca_file": null,
            "repository_cert_file": null,
            "repository_key_file": null,
            "repository_password": null,
            "repository_username": null,
            "reset_values": false,
            "reuse_values": false,
            "set": [
              {
                "name": "installCRDs",
                "type": "",
                "value": "true"
              }
            ],
            "set_list": null,
            "set_sensitive": null,
            "set_wo": null,
            "set_wo_revision": null,
            "skip_crds": false,
            "status": "deployed",
            "timeout": 300,
            "values": null,
            "verify": false,
            "version": "1.18.2",
            "wait": true,
            "wait_for_jobs": false
          },
          "sensitive_attributes": [
            [
              {
                "type": "get_attr",
                "value": "repository_password"
              }
            ]
          ],
          "identity_schema_version": 0,
          "identity": {
            "namespace": "kube-system",
            "release_name": "grp-4-cert-manager"
          },
          "dependencies": [
            "null_resource.kubeconfig",
            "scaleway_k8s_cluster.cluster",
            "scaleway_k8s_pool.pool",
            "scaleway_vpc.main",
            "scaleway_vpc_private_network.main"
          ]
        }
      ]
    },
    {
      "mode": "managed",
      "type": "helm_release",
      "name": "nginx_ingress",
      "provider": "provider[\"registry.terraform.io/hashicorp/helm\"]",
      "instances": [
        {
          "schema_version": 2,
          "attributes": {
            "atomic": false,
            "chart": "ingress-nginx",
            "cleanup_on_fail": false,
            "create_namespace": false,
            "dependency_update": false,
            "description": null,
            "devel": null,
            "disable_crd_hooks": false,
            "disable_openapi_validation": false,
            "disable_webhooks": false,
            "force_update": false,
            "id": "grp-4-nginx-ingress",
            "keyring": null,
            "lint": false,
            "manifest": null,
            "max_history": 0,
            "metadata": {
              "app_version": "1.13.0",
              "chart": "ingress-nginx",
              "first_deployed": 1756795397,
              "last_deployed": 1756795397,
              "name": "grp-4-nginx-ingress",
              "namespace": "kube-system",
              "notes": "The ingress-nginx controller has been installed.\nIt may take a few minutes for the load balancer IP to be available.\nYou can watch the status by running 'kubectl get service --namespace kube-system grp-4-nginx-ingress-ingress-nginx-controller --output wide --watch'\n\nAn example Ingress that makes use of the controller:\n  apiVersion: networking.k8s.io/v1\n  kind: Ingress\n  metadata:\n    name: example\n    namespace: foo\n  spec:\n    ingressClassName: nginx\n    rules:\n      - host: www.example.com\n        http:\n          paths:\n            - pathType: Prefix\n              backend:\n                service:\n                  name: exampleService\n                  port:\n                    number: 80\n              path: /\n    # This section is only required if TLS is to be enabled for the Ingress\n    tls:\n      - hosts:\n        - www.example.com\n        secretName: example-tls\n\nIf TLS is enabled for the Ingress, a Secret containing the certificate and key must also be provided:\n\n  apiVersion: v1\n  kind: Secret\n  metadata:\n    name: example-tls\n    namespace: foo\n  data:\n    tls.crt: \u003cbase64 encoded cert\u003e\n    tls.key: \u003cbase64 encoded key\u003e\n  type: kubernetes.io/tls\n",
              "revision": 1,
              "values": "{\"controller\":{\"config\":{\"use-proxy-protocol\":true},\"service\":{\"annotations\":{\"service.beta.kubernetes.io/scw-loadbalancer-proxy-protocol-v2\":true,\"service.beta.kubernetes.io/scw-loadbalancer-zone\":\"fr-par-2\"},\"externalTrafficPolicy\":\"Local\",\"loadBalancerIP\":\"51.159.84.187\"}}}",
              "version": "4.13.0"
            },
            "name": "grp-4-nginx-ingress",
            "namespace": "kube-system",
            "pass_credentials": false,
            "postrender": null,
            "recreate_pods": false,
            "render_subchart_notes": true,
            "replace": false,
            "repository": "https://kubernetes.github.io/ingress-nginx",
            "repository_ca_file": null,
            "repository_cert_file": null,
            "repository_key_file": null,
            "repository_password": null,
            "repository_username": null,
            "reset_values": false,
            "reuse_values": false,
            "set": [
              {
                "name": "controller.service.loadBalancerIP",
                "type": "",
                "value": "51.159.84.187"
              },
              {
                "name": "controller.config.use-proxy-protocol",
                "type": "",
                "value": "true"
              },
              {
                "name": "controller.service.annotations.service\\.beta\\.kubernetes\\.io/scw-loadbalancer-proxy-protocol-v2",
                "type": "",
                "value": "true"
              },
              {
                "name": "controller.service.annotations.service\\.beta\\.kubernetes\\.io/scw-loadbalancer-zone",
                "type": "",
                "value": "fr-par-2"
              },
              {
                "name": "controller.service.externalTrafficPolicy",
                "type": "",
                "value": "Local"
              }
            ],
            "set_list": null,
            "set_sensitive": null,
            "set_wo": null,
            "set_wo_revision": null,
            "skip_crds": false,
            "status": "deployed",
            "timeout": 300,
            "values": null,
            "verify": false,
            "version": "4.13.0",
            "wait": true,
            "wait_for_jobs": false
          },
          "sensitive_attributes": [
            [
              {
                "type": "get_attr",
                "value": "repository_password"
              }
            ]
          ],
          "identity_schema_version": 0,
          "identity": {
            "namespace": "kube-system",
            "release_name": "grp-4-nginx-ingress"
          },
          "dependencies": [
            "null_resource.kubeconfig",
            "scaleway_k8s_cluster.cluster",
            "scaleway_k8s_pool.pool",
            "scaleway_lb_ip.nginx_ip",
            "scaleway_vpc.main",
            "scaleway_vpc_private_network.main"
          ]
        }
      ]
    },
    {
      "mode": "managed",
      "type": "helm_release",
      "name": "wordpress",
      "provider": "provider[\"registry.terraform.io/hashicorp/helm\"]",
      "instances": [
        {
          "schema_version": 2,
          "attributes": {
            "atomic": false,
            "chart": "wordpress",
            "cleanup_on_fail": false,
            "create_namespace": false,
            "dependency_update": false,
            "description": null,
            "devel": null,
            "disable_crd_hooks": false,
            "disable_openapi_validation": false,
            "disable_webhooks": false,
            "force_update": false,
            "id": "grp-4-wordpress",
            "keyring": null,
            "lint": false,
            "manifest": null,
            "max_history": 0,
            "metadata": {
              "app_version": "6.8.2",
              "chart": "wordpress",
              "first_deployed": 1756795509,
              "last_deployed": 1756795509,
              "name": "grp-4-wordpress",
              "namespace": "kube-system",
              "notes": "CHART NAME: mariadb\nCHART VERSION: 21.0.0\nAPP VERSION: 11.8.2\n\nDid you know there are enterprise versions of the Bitnami catalog? For enhanced secure software supply chain features, unlimited pulls from Docker, LTS support, or application customization, see Bitnami Premium or Tanzu Application Catalog. See https://www.arrow.com/globalecs/na/vendors/bitnami for more information.\n\n** Please be patient while the chart is being deployed **\n\nTip:\n\n  Watch the deployment status using the command: kubectl get pods -w --namespace kube-system -l app.kubernetes.io/instance=grp-4-wordpress\n\nServices:\n\n  echo Primary: grp-4-wordpress-mariadb.kube-system.svc.cluster.local:3306\n\nAdministrator credentials:\n\n  Username: root\n  Password : $(kubectl get secret --namespace kube-system grp-4-wordpress-mariadb -o jsonpath=\"{.data.mariadb-root-password}\" | base64 -d)\n\nTo connect to your database:\n\n  1. Run a pod that you can use as a client:\n\n      kubectl run grp-4-wordpress-mariadb-client --rm --tty -i --restart='Never' --image  docker.io/bitnami/mariadb:11.8.2-debian-12-r0 --namespace kube-system --command -- bash\n\n  2. To connect to primary service (read/write):\n\n      mysql -h grp-4-wordpress-mariadb.kube-system.svc.cluster.local -uroot -p wordpress\n\nTo upgrade this helm chart:\n\n  1. Obtain the password as described on the 'Administrator credentials' section and set the 'auth.rootPassword' parameter as shown below:\n\n      ROOT_PASSWORD=$(kubectl get secret --namespace kube-system grp-4-wordpress-mariadb -o jsonpath=\"{.data.mariadb-root-password}\" | base64 -d)\n      helm upgrade --namespace kube-system grp-4-wordpress oci://registry-1.docker.io/bitnamicharts/mariadb --set auth.rootPassword=$ROOT_PASSWORD\n\nWARNING: There are \"resources\" sections in the chart not set. Using \"resourcesPreset\" is not recommended for production. For production installations, please set the following values according to your workload needs:\n  - primary.resources\n  - secondary.resources\n+info https://kubernetes.io/docs/concepts/configuration/manage-resources-containers/\n\nCHART NAME: wordpress\nCHART VERSION: 25.0.3\nAPP VERSION: 6.8.2\n\nDid you know there are enterprise versions of the Bitnami catalog? For enhanced secure software supply chain features, unlimited pulls from Docker, LTS support, or application customization, see Bitnami Premium or Tanzu Application Catalog. See https://www.arrow.com/globalecs/na/vendors/bitnami for more information.\n\n** Please be patient while the chart is being deployed **\n\nYour WordPress site can be accessed through the following DNS name from within your cluster:\n\n    grp-4-wordpress.kube-system.svc.cluster.local (port 80)\n\nTo access your WordPress site from outside the cluster follow the steps below:\n\n1. Get the WordPress URL and associate WordPress hostname to your cluster external IP:\n\n   export CLUSTER_IP=$(minikube ip) # On Minikube. Use: `kubectl cluster-info` on others K8s clusters\n   echo \"WordPress URL: https://grp-4.esgi.slashops.fr/\"\n   echo \"$CLUSTER_IP  grp-4.esgi.slashops.fr\" | sudo tee -a /etc/hosts\n\n2. Open a browser and access WordPress using the obtained URL.\n\n3. Login with the following credentials below to see your blog:\n\n  echo Username: admin\n  echo Password: $(kubectl get secret --namespace kube-system grp-4-wordpress -o jsonpath=\"{.data.wordpress-password}\" | base64 -d)\n",
              "revision": 1,
              "values": "{\"ingress\":{\"annotations\":{\"cert-manager.io/issuer\":\"letsencrypt-prod\"},\"enabled\":true,\"hostname\":\"grp-4.esgi.slashops.fr\",\"ingressClassName\":\"nginx\",\"tls\":true},\"mariadb\":{\"auth\":{\"database\":\"wordpress\",\"password\":\"WordPressDBPassword123!\",\"username\":\"wordpress\"},\"enabled\":true,\"primary\":{\"persistence\":{\"enabled\":true,\"size\":\"8Gi\"}}},\"persistence\":{\"enabled\":true,\"size\":\"10Gi\"},\"resources\":{\"limits\":{\"cpu\":\"500m\",\"memory\":\"1Gi\"},\"requests\":{\"cpu\":\"300m\",\"memory\":\"512Mi\"}},\"service\":{\"type\":\"ClusterIP\"},\"wordpressBlogName\":\"Groupe 4 ESGI WordPress\",\"wordpressEmail\":\"admin@grp-4.esgi.slashops.fr\",\"wordpressFirstName\":\"Admin\",\"wordpressLastName\":\"GRP4\",\"wordpressPassword\":\"SecurePassword123!\",\"wordpressUsername\":\"admin\"}",
              "version": "25.0.3"
            },
            "name": "grp-4-wordpress",
            "namespace": "kube-system",
            "pass_credentials": false,
            "postrender": null,
            "recreate_pods": false,
            "render_subchart_notes": true,
            "replace": false,
            "repository": "https://charts.bitnami.com/bitnami",
            "repository_ca_file": null,
            "repository_cert_file": null,
            "repository_key_file": null,
            "repository_password": null,
            "repository_username": null,
            "reset_values": false,
            "reuse_values": false,
            "set": [
              {
                "name": "service.type",
                "type": "",
                "value": "ClusterIP"
              },
              {
                "name": "ingress.enabled",
                "type": "",
                "value": "true"
              },
              {
                "name": "ingress.ingressClassName",
                "type": "",
                "value": "nginx"
              },
              {
                "name": "ingress.tls",
                "type": "",
                "value": "true"
              },
              {
                "name": "ingress.annotations.cert-manager\\.io/issuer",
                "type": "",
                "value": "letsencrypt-prod"
              },
              {
                "name": "ingress.hostname",
                "type": "",
                "value": "grp-4.esgi.slashops.fr"
              },
              {
                "name": "wordpressUsername",
                "type": "",
                "value": "admin"
              },
              {
                "name": "wordpressPassword",
                "type": "",
                "value": "SecurePassword123!"
              },
              {
                "name": "wordpressEmail",
                "type": "",
                "value": "admin@grp-4.esgi.slashops.fr"
              },
              {
                "name": "wordpressFirstName",
                "type": "",
                "value": "Admin"
              },
              {
                "name": "wordpressLastName",
                "type": "",
                "value": "GRP4"
              },
              {
                "name": "wordpressBlogName",
                "type": "",
                "value": "Groupe 4 ESGI WordPress"
              },
              {
                "name": "mariadb.enabled",
                "type": "",
                "value": "true"
              },
              {
                "name": "mariadb.auth.database",
                "type": "",
                "value": "wordpress"
              },
              {
                "name": "mariadb.auth.username",
                "type": "",
                "value": "wordpress"
              },
              {
                "name": "mariadb.auth.password",
                "type": "",
                "value": "WordPressDBPassword123!"
              },
              {
                "name": "mariadb.primary.persistence.enabled",
                "type": "",
                "value": "true"
              },
              {
                "name": "mariadb.primary.persistence.size",
                "type": "",
                "value": "8Gi"
              },
              {
                "name": "persistence.enabled",
                "type": "",
                "value": "true"
              },
              {
                "name": "persistence.size",
                "type": "",
                "value": "10Gi"
              },
              {
                "name": "resources.requests.memory",
                "type": "",
                "value": "512Mi"
              },
              {
                "name": "resources.requests.cpu",
                "type": "",
                "value": "300m"
              },
              {
                "name": "resources.limits.memory",
                "type": "",
                "value": "1Gi"
              },
              {
                "name": "resources.limits.cpu",
                "type": "",
                "value": "500m"
              }
            ],
            "set_list": null,
            "set_sensitive": null,
            "set_wo": null,
            "set_wo_revision": null,
            "skip_crds": false,
            "status": "deployed",
            "timeout": 300,
            "values": null,
            "verify": false,
            "version": "25.0.3",
            "wait": true,
            "wait_for_jobs": false
          },
          "sensitive_attributes": [
            [
              {
                "type": "get_attr",
                "value": "repository_password"
              }
            ]
          ],
          "identity_schema_version": 0,
          "identity": {
            "namespace": "kube-system",
            "release_name": "grp-4-wordpress"
          },
          "dependencies": [
            "data.scaleway_domain_zone.main",
            "helm_release.nginx_ingress",
            "null_resource.kubeconfig",
            "scaleway_k8s_cluster.cluster",
            "scaleway_k8s_pool.pool",
            "scaleway_lb_ip.nginx_ip",
            "scaleway_vpc.main",
            "scaleway_vpc_private_network.main"
          ]
        }
      ]
    },
    {
      "mode": "managed",
      "type": "kubernetes_manifest",
      "name": "issuer",
      "provider": "provider[\"registry.terraform.io/hashicorp/kubernetes\"]",
      "instances": [
        {
          "schema_version": 1,
          "attributes": {
            "computed_fields": null,
            "field_manager": [],
            "manifest": {
              "value": {
                "apiVersion": "cert-manager.io/v1",
                "kind": "Issuer",
                "metadata": {
                  "name": "letsencrypt-prod",
                  "namespace": "kube-system"
                },
                "spec": {
                  "acme": {
                    "email": "mrome@myges.fr",
                    "privateKeySecretRef": {
                      "name": "letsencrypt-prod"
                    },
                    "profile": "tlsserver",
                    "server": "https://acme-staging-v02.api.letsencrypt.org/directory",
                    "solvers": [
                      {
                        "http01": {
                          "ingress": {
                            "ingressClassName": "nginx"
                          }
                        }
                      }
                    ]
                  }
                }
              },
              "type": [
                "object",
                {
                  "apiVersion": "string",
                  "kind": "string",
                  "metadata": [
                    "object",
                    {
                      "name": "string",
                      "namespace": "string"
                    }
                  ],
                  "spec": [
                    "object",
                    {
                      "acme": [
                        "object",
                        {
                          "email": "string",
                          "privateKeySecretRef": [
                            "object",
                            {
                              "name": "string"
                            }
                          ],
                          "profile": "string",
                          "server": "string",
                          "solvers": [
                            "tuple",
                            [
                              [
                                "object",
                                {
                                  "http01": [
                                    "object",
                                    {
                                      "ingress": [
                                        "object",
                                        {
                                          "ingressClassName": "string"
                                        }
                                      ]
                                    }
                                  ]
                                }
                              ]
                            ]
                          ]
                        }
                      ]
                    }
                  ]
                }
              ]
            },
            "object": {
              "value": {
                "apiVersion": "cert-manager.io/v1",
                "kind": "Issuer",
                "metadata": {
                  "annotations": null,
                  "creationTimestamp": null,
                  "deletionGracePeriodSeconds": null,
                  "deletionTimestamp": null,
                  "finalizers": null,
                  "generateName": null,
                  "generation": null,
                  "labels": null,
                  "managedFields": null,
                  "name": "letsencrypt-prod",
                  "namespace": "kube-system",
                  "ownerReferences": null,
                  "resourceVersion": null,
                  "selfLink": null,
                  "uid": null
                },
                "spec": {
                  "acme": {
                    "caBundle": null,
                    "disableAccountKeyGeneration": null,
                    "email": "mrome@myges.fr",
                    "enableDurationFeature": null,
                    "externalAccountBinding": {
                      "keyAlgorithm": null,
                      "keyID": null,
                      "keySecretRef": {
                        "key": null,
                        "name": null
                      }
                    },
                    "preferredChain": null,
                    "privateKeySecretRef": {
                      "key": null,
                      "name": "letsencrypt-prod"
                    },
                    "profile": "tlsserver",
                    "server": "https://acme-staging-v02.api.letsencrypt.org/directory",
                    "skipTLSVerify": null,
                    "solvers": [
                      {
                        "dns01": {
                          "acmeDNS": {
                            "accountSecretRef": {
                              "key": null,
                              "name": null
                            },
                            "host": null
                          },
                          "akamai": {
                            "accessTokenSecretRef": {
                              "key": null,
                              "name": null
                            },
                            "clientSecretSecretRef": {
                              "key": null,
                              "name": null
                            },
                            "clientTokenSecretRef": {
                              "key": null,
                              "name": null
                            },
                            "serviceConsumerDomain": null
                          },
                          "azureDNS": {
                            "clientID": null,
                            "clientSecretSecretRef": {
                              "key": null,
                              "name": null
                            },
                            "environment": null,
                            "hostedZoneName": null,
                            "managedIdentity": {
                              "clientID": null,
                              "resourceID": null,
                              "tenantID": null
                            },
                            "resourceGroupName": null,
                            "subscriptionID": null,
                            "tenantID": null
                          },
                          "cloudDNS": {
                            "hostedZoneName": null,
                            "project": null,
                            "serviceAccountSecretRef": {
                              "key": null,
                              "name": null
                            }
                          },
                          "cloudflare": {
                            "apiKeySecretRef": {
                              "key": null,
                              "name": null
                            },
                            "apiTokenSecretRef": {
                              "key": null,
                              "name": null
                            },
                            "email": null
                          },
                          "cnameStrategy": null,
                          "digitalocean": {
                            "tokenSecretRef": {
                              "key": null,
                              "name": null
                            }
                          },
                          "rfc2136": {
                            "nameserver": null,
                            "tsigAlgorithm": null,
                            "tsigKeyName": null,
                            "tsigSecretSecretRef": {
                              "key": null,
                              "name": null
                            }
                          },
                          "route53": {
                            "accessKeyID": null,
                            "accessKeyIDSecretRef": {
                              "key": null,
                              "name": null
                            },
                            "auth": {
                              "kubernetes": {
                                "serviceAccountRef": {
                                  "audiences": null,
                                  "name": null
                                }
                              }
                            },
                            "hostedZoneID": null,
                            "region": null,
                            "role": null,
                            "secretAccessKeySecretRef": {
                              "key": null,
                              "name": null
                            }
                          },
                          "webhook": {
                            "config": null,
                            "groupName": null,
                            "solverName": null
                          }
                        },
                        "http01": {
                          "gatewayHTTPRoute": {
                            "labels": null,
                            "parentRefs": null,
                            "podTemplate": {
                              "metadata": {
                                "annotations": null,
                                "labels": null
                              },
                              "spec": {
                                "affinity": {
                                  "nodeAffinity": {
                                    "preferredDuringSchedulingIgnoredDuringExecution": null,
                                    "requiredDuringSchedulingIgnoredDuringExecution": {
                                      "nodeSelectorTerms": null
                                    }
                                  },
                                  "podAffinity": {
                                    "preferredDuringSchedulingIgnoredDuringExecution": null,
                                    "requiredDuringSchedulingIgnoredDuringExecution": null
                                  },
                                  "podAntiAffinity": {
                                    "preferredDuringSchedulingIgnoredDuringExecution": null,
                                    "requiredDuringSchedulingIgnoredDuringExecution": null
                                  }
                                },
                                "imagePullSecrets": null,
                                "nodeSelector": null,
                                "priorityClassName": null,
                                "securityContext": {
                                  "fsGroup": null,
                                  "fsGroupChangePolicy": null,
                                  "runAsGroup": null,
                                  "runAsNonRoot": null,
                                  "runAsUser": null,
                                  "seLinuxOptions": {
                                    "level": null,
                                    "role": null,
                                    "type": null,
                                    "user": null
                                  },
                                  "seccompProfile": {
                                    "localhostProfile": null,
                                    "type": null
                                  },
                                  "supplementalGroups": null,
                                  "sysctls": null
                                },
                                "serviceAccountName": null,
                                "tolerations": null
                              }
                            },
                            "serviceType": null
                          },
                          "ingress": {
                            "class": null,
                            "ingressClassName": "nginx",
                            "ingressTemplate": {
                              "metadata": {
                                "annotations": null,
                                "labels": null
                              }
                            },
                            "name": null,
                            "podTemplate": {
                              "metadata": {
                                "annotations": null,
                                "labels": null
                              },
                              "spec": {
                                "affinity": {
                                  "nodeAffinity": {
                                    "preferredDuringSchedulingIgnoredDuringExecution": null,
                                    "requiredDuringSchedulingIgnoredDuringExecution": {
                                      "nodeSelectorTerms": null
                                    }
                                  },
                                  "podAffinity": {
                                    "preferredDuringSchedulingIgnoredDuringExecution": null,
                                    "requiredDuringSchedulingIgnoredDuringExecution": null
                                  },
                                  "podAntiAffinity": {
                                    "preferredDuringSchedulingIgnoredDuringExecution": null,
                                    "requiredDuringSchedulingIgnoredDuringExecution": null
                                  }
                                },
                                "imagePullSecrets": null,
                                "nodeSelector": null,
                                "priorityClassName": null,
                                "securityContext": {
                                  "fsGroup": null,
                                  "fsGroupChangePolicy": null,
                                  "runAsGroup": null,
                                  "runAsNonRoot": null,
                                  "runAsUser": null,
                                  "seLinuxOptions": {
                                    "level": null,
                                    "role": null,
                                    "type": null,
                                    "user": null
                                  },
                                  "seccompProfile": {
                                    "localhostProfile": null,
                                    "type": null
                                  },
                                  "supplementalGroups": null,
                                  "sysctls": null
                                },
                                "serviceAccountName": null,
                                "tolerations": null
                              }
                            },
                            "serviceType": null
                          }
                        },
                        "selector": {
                          "dnsNames": null,
                          "dnsZones": null,
                          "matchLabels": null
                        }
                      }
                    ]
                  },
                  "ca": {
                    "crlDistributionPoints": null,
                    "issuingCertificateURLs": null,
                    "ocspServers": null,
                    "secretName": null
                  },
                  "selfSigned": {
                    "crlDistributionPoints": null
                  },
                  "vault": {
                    "auth": {
                      "appRole": {
                        "path": null,
                        "roleId": null,
                        "secretRef": {
                          "key": null,
                          "name": null
                        }
                      },
                      "clientCertificate": {
                        "mountPath": null,
                        "name": null,
                        "secretName": null
                      },
                      "kubernetes": {
                        "mountPath": null,
                        "role": null,
                        "secretRef": {
                          "key": null,
                          "name": null
                        },
                        "serviceAccountRef": {
                          "audiences": null,
                          "name": null
                        }
                      },
                      "tokenSecretRef": {
                        "key": null,
                        "name": null
                      }
                    },
                    "caBundle": null,
                    "caBundleSecretRef": {
                      "key": null,
                      "name": null
                    },
                    "clientCertSecretRef": {
                      "key": null,
                      "name": null
                    },
                    "clientKeySecretRef": {
                      "key": null,
                      "name": null
                    },
                    "namespace": null,
                    "path": null,
                    "server": null,
                    "serverName": null
                  },
                  "venafi": {
                    "cloud": {
                      "apiTokenSecretRef": {
                        "key": null,
                        "name": null
                      },
                      "url": null
                    },
                    "tpp": {
                      "caBundle": null,
                      "caBundleSecretRef": {
                        "key": null,
                        "name": null
                      },
                      "credentialsRef": {
                        "name": null
                      },
                      "url": null
                    },
                    "zone": null
                  }
                }
              },
              "type": [
                "object",
                {
                  "apiVersion": "string",
                  "kind": "string",
                  "metadata": [
                    "object",
                    {
                      "annotations": [
                        "map",
                        "string"
                      ],
                      "creationTimestamp": "string",
                      "deletionGracePeriodSeconds": "number",
                      "deletionTimestamp": "string",
                      "finalizers": [
                        "list",
                        "string"
                      ],
                      "generateName": "string",
                      "generation": "number",
                      "labels": [
                        "map",
                        "string"
                      ],
                      "managedFields": [
                        "tuple",
                        [
                          [
                            "object",
                            {
                              "apiVersion": "string",
                              "fieldsType": "string",
                              "fieldsV1": "dynamic",
                              "manager": "string",
                              "operation": "string",
                              "subresource": "string",
                              "time": "string"
                            }
                          ]
                        ]
                      ],
                      "name": "string",
                      "namespace": "string",
                      "ownerReferences": [
                        "list",
                        [
                          "object",
                          {
                            "apiVersion": "string",
                            "blockOwnerDeletion": "bool",
                            "controller": "bool",
                            "kind": "string",
                            "name": "string",
                            "uid": "string"
                          }
                        ]
                      ],
                      "resourceVersion": "string",
                      "selfLink": "string",
                      "uid": "string"
                    }
                  ],
                  "spec": [
                    "object",
                    {
                      "acme": [
                        "object",
                        {
                          "caBundle": "string",
                          "disableAccountKeyGeneration": "bool",
                          "email": "string",
                          "enableDurationFeature": "bool",
                          "externalAccountBinding": [
                            "object",
                            {
                              "keyAlgorithm": "string",
                              "keyID": "string",
                              "keySecretRef": [
                                "object",
                                {
                                  "key": "string",
                                  "name": "string"
                                }
                              ]
                            }
                          ],
                          "preferredChain": "string",
                          "privateKeySecretRef": [
                            "object",
                            {
                              "key": "string",
                              "name": "string"
                            }
                          ],
                          "profile": "string",
                          "server": "string",
                          "skipTLSVerify": "bool",
                          "solvers": [
                            "tuple",
                            [
                              [
                                "object",
                                {
                                  "dns01": [
                                    "object",
                                    {
                                      "acmeDNS": [
                                        "object",
                                        {
                                          "accountSecretRef": [
                                            "object",
                                            {
                                              "key": "string",
                                              "name": "string"
                                            }
                                          ],
                                          "host": "string"
                                        }
                                      ],
                                      "akamai": [
                                        "object",
                                        {
                                          "accessTokenSecretRef": [
                                            "object",
                                            {
                                              "key": "string",
                                              "name": "string"
                                            }
                                          ],
                                          "clientSecretSecretRef": [
                                            "object",
                                            {
                                              "key": "string",
                                              "name": "string"
                                            }
                                          ],
                                          "clientTokenSecretRef": [
                                            "object",
                                            {
                                              "key": "string",
                                              "name": "string"
                                            }
                                          ],
                                          "serviceConsumerDomain": "string"
                                        }
                                      ],
                                      "azureDNS": [
                                        "object",
                                        {
                                          "clientID": "string",
                                          "clientSecretSecretRef": [
                                            "object",
                                            {
                                              "key": "string",
                                              "name": "string"
                                            }
                                          ],
                                          "environment": "string",
                                          "hostedZoneName": "string",
                                          "managedIdentity": [
                                            "object",
                                            {
                                              "clientID": "string",
                                              "resourceID": "string",
                                              "tenantID": "string"
                                            }
                                          ],
                                          "resourceGroupName": "string",
                                          "subscriptionID": "string",
                                          "tenantID": "string"
                                        }
                                      ],
                                      "cloudDNS": [
                                        "object",
                                        {
                                          "hostedZoneName": "string",
                                          "project": "string",
                                          "serviceAccountSecretRef": [
                                            "object",
                                            {
                                              "key": "string",
                                              "name": "string"
                                            }
                                          ]
                                        }
                                      ],
                                      "cloudflare": [
                                        "object",
                                        {
                                          "apiKeySecretRef": [
                                            "object",
                                            {
                                              "key": "string",
                                              "name": "string"
                                            }
                                          ],
                                          "apiTokenSecretRef": [
                                            "object",
                                            {
                                              "key": "string",
                                              "name": "string"
                                            }
                                          ],
                                          "email": "string"
                                        }
                                      ],
                                      "cnameStrategy": "string",
                                      "digitalocean": [
                                        "object",
                                        {
                                          "tokenSecretRef": [
                                            "object",
                                            {
                                              "key": "string",
                                              "name": "string"
                                            }
                                          ]
                                        }
                                      ],
                                      "rfc2136": [
                                        "object",
                                        {
                                          "nameserver": "string",
                                          "tsigAlgorithm": "string",
                                          "tsigKeyName": "string",
                                          "tsigSecretSecretRef": [
                                            "object",
                                            {
                                              "key": "string",
                                              "name": "string"
                                            }
                                          ]
                                        }
                                      ],
                                      "route53": [
                                        "object",
                                        {
                                          "accessKeyID": "string",
                                          "accessKeyIDSecretRef": [
                                            "object",
                                            {
                                              "key": "string",
                                              "name": "string"
                                            }
                                          ],
                                          "auth": [
                                            "object",
                                            {
                                              "kubernetes": [
                                                "object",
                                                {
                                                  "serviceAccountRef": [
                                                    "object",
                                                    {
                                                      "audiences": [
                                                        "list",
                                                        "string"
                                                      ],
                                                      "name": "string"
                                                    }
                                                  ]
                                                }
                                              ]
                                            }
                                          ],
                                          "hostedZoneID": "string",
                                          "region": "string",
                                          "role": "string",
                                          "secretAccessKeySecretRef": [
                                            "object",
                                            {
                                              "key": "string",
                                              "name": "string"
                                            }
                                          ]
                                        }
                                      ],
                                      "webhook": [
                                        "object",
                                        {
                                          "config": "dynamic",
                                          "groupName": "string",
                                          "solverName": "string"
                                        }
                                      ]
                                    }
                                  ],
                                  "http01": [
                                    "object",
                                    {
                                      "gatewayHTTPRoute": [
                                        "object",
                                        {
                                          "labels": [
                                            "map",
                                            "string"
                                          ],
                                          "parentRefs": [
                                            "list",
                                            [
                                              "object",
                                              {
                                                "group": "string",
                                                "kind": "string",
                                                "name": "string",
                                                "namespace": "string",
                                                "port": "number",
                                                "sectionName": "string"
                                              }
                                            ]
                                          ],
                                          "podTemplate": [
                                            "object",
                                            {
                                              "metadata": [
                                                "object",
                                                {
                                                  "annotations": [
                                                    "map",
                                                    "string"
                                                  ],
                                                  "labels": [
                                                    "map",
                                                    "string"
                                                  ]
                                                }
                                              ],
                                              "spec": [
                                                "object",
                                                {
                                                  "affinity": [
                                                    "object",
                                                    {
                                                      "nodeAffinity": [
                                                        "object",
                                                        {
                                                          "preferredDuringSchedulingIgnoredDuringExecution": [
                                                            "list",
                                                            [
                                                              "object",
                                                              {
                                                                "preference": [
                                                                  "object",
                                                                  {
                                                                    "matchExpressions": [
                                                                      "list",
                                                                      [
                                                                        "object",
                                                                        {
                                                                          "key": "string",
                                                                          "operator": "string",
                                                                          "values": [
                                                                            "list",
                                                                            "string"
                                                                          ]
                                                                        }
                                                                      ]
                                                                    ],
                                                                    "matchFields": [
                                                                      "list",
                                                                      [
                                                                        "object",
                                                                        {
                                                                          "key": "string",
                                                                          "operator": "string",
                                                                          "values": [
                                                                            "list",
                                                                            "string"
                                                                          ]
                                                                        }
                                                                      ]
                                                                    ]
                                                                  }
                                                                ],
                                                                "weight": "number"
                                                              }
                                                            ]
                                                          ],
                                                          "requiredDuringSchedulingIgnoredDuringExecution": [
                                                            "object",
                                                            {
                                                              "nodeSelectorTerms": [
                                                                "list",
                                                                [
                                                                  "object",
                                                                  {
                                                                    "matchExpressions": [
                                                                      "list",
                                                                      [
                                                                        "object",
                                                                        {
                                                                          "key": "string",
                                                                          "operator": "string",
                                                                          "values": [
                                                                            "list",
                                                                            "string"
                                                                          ]
                                                                        }
                                                                      ]
                                                                    ],
                                                                    "matchFields": [
                                                                      "list",
                                                                      [
                                                                        "object",
                                                                        {
                                                                          "key": "string",
                                                                          "operator": "string",
                                                                          "values": [
                                                                            "list",
                                                                            "string"
                                                                          ]
                                                                        }
                                                                      ]
                                                                    ]
                                                                  }
                                                                ]
                                                              ]
                                                            }
                                                          ]
                                                        }
                                                      ],
                                                      "podAffinity": [
                                                        "object",
                                                        {
                                                          "preferredDuringSchedulingIgnoredDuringExecution": [
                                                            "list",
                                                            [
                                                              "object",
                                                              {
                                                                "podAffinityTerm": [
                                                                  "object",
                                                                  {
                                                                    "labelSelector": [
                                                                      "object",
                                                                      {
                                                                        "matchExpressions": [
                                                                          "list",
                                                                          [
                                                                            "object",
                                                                            {
                                                                              "key": "string",
                                                                              "operator": "string",
                                                                              "values": [
                                                                                "list",
                                                                                "string"
                                                                              ]
                                                                            }
                                                                          ]
                                                                        ],
                                                                        "matchLabels": [
                                                                          "map",
                                                                          "string"
                                                                        ]
                                                                      }
                                                                    ],
                                                                    "matchLabelKeys": [
                                                                      "list",
                                                                      "string"
                                                                    ],
                                                                    "mismatchLabelKeys": [
                                                                      "list",
                                                                      "string"
                                                                    ],
                                                                    "namespaceSelector": [
                                                                      "object",
                                                                      {
                                                                        "matchExpressions": [
                                                                          "list",
                                                                          [
                                                                            "object",
                                                                            {
                                                                              "key": "string",
                                                                              "operator": "string",
                                                                              "values": [
                                                                                "list",
                                                                                "string"
                                                                              ]
                                                                            }
                                                                          ]
                                                                        ],
                                                                        "matchLabels": [
                                                                          "map",
                                                                          "string"
                                                                        ]
                                                                      }
                                                                    ],
                                                                    "namespaces": [
                                                                      "list",
                                                                      "string"
                                                                    ],
                                                                    "topologyKey": "string"
                                                                  }
                                                                ],
                                                                "weight": "number"
                                                              }
                                                            ]
                                                          ],
                                                          "requiredDuringSchedulingIgnoredDuringExecution": [
                                                            "list",
                                                            [
                                                              "object",
                                                              {
                                                                "labelSelector": [
                                                                  "object",
                                                                  {
                                                                    "matchExpressions": [
                                                                      "list",
                                                                      [
                                                                        "object",
                                                                        {
                                                                          "key": "string",
                                                                          "operator": "string",
                                                                          "values": [
                                                                            "list",
                                                                            "string"
                                                                          ]
                                                                        }
                                                                      ]
                                                                    ],
                                                                    "matchLabels": [
                                                                      "map",
                                                                      "string"
                                                                    ]
                                                                  }
                                                                ],
                                                                "matchLabelKeys": [
                                                                  "list",
                                                                  "string"
                                                                ],
                                                                "mismatchLabelKeys": [
                                                                  "list",
                                                                  "string"
                                                                ],
                                                                "namespaceSelector": [
                                                                  "object",
                                                                  {
                                                                    "matchExpressions": [
                                                                      "list",
                                                                      [
                                                                        "object",
                                                                        {
                                                                          "key": "string",
                                                                          "operator": "string",
                                                                          "values": [
                                                                            "list",
                                                                            "string"
                                                                          ]
                                                                        }
                                                                      ]
                                                                    ],
                                                                    "matchLabels": [
                                                                      "map",
                                                                      "string"
                                                                    ]
                                                                  }
                                                                ],
                                                                "namespaces": [
                                                                  "list",
                                                                  "string"
                                                                ],
                                                                "topologyKey": "string"
                                                              }
                                                            ]
                                                          ]
                                                        }
                                                      ],
                                                      "podAntiAffinity": [
                                                        "object",
                                                        {
                                                          "preferredDuringSchedulingIgnoredDuringExecution": [
                                                            "list",
                                                            [
                                                              "object",
                                                              {
                                                                "podAffinityTerm": [
                                                                  "object",
                                                                  {
                                                                    "labelSelector": [
                                                                      "object",
                                                                      {
                                                                        "matchExpressions": [
                                                                          "list",
                                                                          [
                                                                            "object",
                                                                            {
                                                                              "key": "string",
                                                                              "operator": "string",
                                                                              "values": [
                                                                                "list",
                                                                                "string"
                                                                              ]
                                                                            }
                                                                          ]
                                                                        ],
                                                                        "matchLabels": [
                                                                          "map",
                                                                          "string"
                                                                        ]
                                                                      }
                                                                    ],
                                                                    "matchLabelKeys": [
                                                                      "list",
                                                                      "string"
                                                                    ],
                                                                    "mismatchLabelKeys": [
                                                                      "list",
                                                                      "string"
                                                                    ],
                                                                    "namespaceSelector": [
                                                                      "object",
                                                                      {
                                                                        "matchExpressions": [
                                                                          "list",
                                                                          [
                                                                            "object",
                                                                            {
                                                                              "key": "string",
                                                                              "operator": "string",
                                                                              "values": [
                                                                                "list",
                                                                                "string"
                                                                              ]
                                                                            }
                                                                          ]
                                                                        ],
                                                                        "matchLabels": [
                                                                          "map",
                                                                          "string"
                                                                        ]
                                                                      }
                                                                    ],
                                                                    "namespaces": [
                                                                      "list",
                                                                      "string"
                                                                    ],
                                                                    "topologyKey": "string"
                                                                  }
                                                                ],
                                                                "weight": "number"
                                                              }
                                                            ]
                                                          ],
                                                          "requiredDuringSchedulingIgnoredDuringExecution": [
                                                            "list",
                                                            [
                                                              "object",
                                                              {
                                                                "labelSelector": [
                                                                  "object",
                                                                  {
                                                                    "matchExpressions": [
                                                                      "list",
                                                                      [
                                                                        "object",
                                                                        {
                                                                          "key": "string",
                                                                          "operator": "string",
                                                                          "values": [
                                                                            "list",
                                                                            "string"
                                                                          ]
                                                                        }
                                                                      ]
                                                                    ],
                                                                    "matchLabels": [
                                                                      "map",
                                                                      "string"
                                                                    ]
                                                                  }
                                                                ],
                                                                "matchLabelKeys": [
                                                                  "list",
                                                                  "string"
                                                                ],
                                                                "mismatchLabelKeys": [
                                                                  "list",
                                                                  "string"
                                                                ],
                                                                "namespaceSelector": [
                                                                  "object",
                                                                  {
                                                                    "matchExpressions": [
                                                                      "list",
                                                                      [
                                                                        "object",
                                                                        {
                                                                          "key": "string",
                                                                          "operator": "string",
                                                                          "values": [
                                                                            "list",
                                                                            "string"
                                                                          ]
                                                                        }
                                                                      ]
                                                                    ],
                                                                    "matchLabels": [
                                                                      "map",
                                                                      "string"
                                                                    ]
                                                                  }
                                                                ],
                                                                "namespaces": [
                                                                  "list",
                                                                  "string"
                                                                ],
                                                                "topologyKey": "string"
                                                              }
                                                            ]
                                                          ]
                                                        }
                                                      ]
                                                    }
                                                  ],
                                                  "imagePullSecrets": [
                                                    "list",
                                                    [
                                                      "object",
                                                      {
                                                        "name": "string"
                                                      }
                                                    ]
                                                  ],
                                                  "nodeSelector": [
                                                    "map",
                                                    "string"
                                                  ],
                                                  "priorityClassName": "string",
                                                  "securityContext": [
                                                    "object",
                                                    {
                                                      "fsGroup": "number",
                                                      "fsGroupChangePolicy": "string",
                                                      "runAsGroup": "number",
                                                      "runAsNonRoot": "bool",
                                                      "runAsUser": "number",
                                                      "seLinuxOptions": [
                                                        "object",
                                                        {
                                                          "level": "string",
                                                          "role": "string",
                                                          "type": "string",
                                                          "user": "string"
                                                        }
                                                      ],
                                                      "seccompProfile": [
                                                        "object",
                                                        {
                                                          "localhostProfile": "string",
                                                          "type": "string"
                                                        }
                                                      ],
                                                      "supplementalGroups": [
                                                        "list",
                                                        "number"
                                                      ],
                                                      "sysctls": [
                                                        "list",
                                                        [
                                                          "object",
                                                          {
                                                            "name": "string",
                                                            "value": "string"
                                                          }
                                                        ]
                                                      ]
                                                    }
                                                  ],
                                                  "serviceAccountName": "string",
                                                  "tolerations": [
                                                    "list",
                                                    [
                                                      "object",
                                                      {
                                                        "effect": "string",
                                                        "key": "string",
                                                        "operator": "string",
                                                        "tolerationSeconds": "number",
                                                        "value": "string"
                                                      }
                                                    ]
                                                  ]
                                                }
                                              ]
                                            }
                                          ],
                                          "serviceType": "string"
                                        }
                                      ],
                                      "ingress": [
                                        "object",
                                        {
                                          "class": "string",
                                          "ingressClassName": "string",
                                          "ingressTemplate": [
                                            "object",
                                            {
                                              "metadata": [
                                                "object",
                                                {
                                                  "annotations": [
                                                    "map",
                                                    "string"
                                                  ],
                                                  "labels": [
                                                    "map",
                                                    "string"
                                                  ]
                                                }
                                              ]
                                            }
                                          ],
                                          "name": "string",
                                          "podTemplate": [
                                            "object",
                                            {
                                              "metadata": [
                                                "object",
                                                {
                                                  "annotations": [
                                                    "map",
                                                    "string"
                                                  ],
                                                  "labels": [
                                                    "map",
                                                    "string"
                                                  ]
                                                }
                                              ],
                                              "spec": [
                                                "object",
                                                {
                                                  "affinity": [
                                                    "object",
                                                    {
                                                      "nodeAffinity": [
                                                        "object",
                                                        {
                                                          "preferredDuringSchedulingIgnoredDuringExecution": [
                                                            "list",
                                                            [
                                                              "object",
                                                              {
                                                                "preference": [
                                                                  "object",
                                                                  {
                                                                    "matchExpressions": [
                                                                      "list",
                                                                      [
                                                                        "object",
                                                                        {
                                                                          "key": "string",
                                                                          "operator": "string",
                                                                          "values": [
                                                                            "list",
                                                                            "string"
                                                                          ]
                                                                        }
                                                                      ]
                                                                    ],
                                                                    "matchFields": [
                                                                      "list",
                                                                      [
                                                                        "object",
                                                                        {
                                                                          "key": "string",
                                                                          "operator": "string",
                                                                          "values": [
                                                                            "list",
                                                                            "string"
                                                                          ]
                                                                        }
                                                                      ]
                                                                    ]
                                                                  }
                                                                ],
                                                                "weight": "number"
                                                              }
                                                            ]
                                                          ],
                                                          "requiredDuringSchedulingIgnoredDuringExecution": [
                                                            "object",
                                                            {
                                                              "nodeSelectorTerms": [
                                                                "list",
                                                                [
                                                                  "object",
                                                                  {
                                                                    "matchExpressions": [
                                                                      "list",
                                                                      [
                                                                        "object",
                                                                        {
                                                                          "key": "string",
                                                                          "operator": "string",
                                                                          "values": [
                                                                            "list",
                                                                            "string"
                                                                          ]
                                                                        }
                                                                      ]
                                                                    ],
                                                                    "matchFields": [
                                                                      "list",
                                                                      [
                                                                        "object",
                                                                        {
                                                                          "key": "string",
                                                                          "operator": "string",
                                                                          "values": [
                                                                            "list",
                                                                            "string"
                                                                          ]
                                                                        }
                                                                      ]
                                                                    ]
                                                                  }
                                                                ]
                                                              ]
                                                            }
                                                          ]
                                                        }
                                                      ],
                                                      "podAffinity": [
                                                        "object",
                                                        {
                                                          "preferredDuringSchedulingIgnoredDuringExecution": [
                                                            "list",
                                                            [
                                                              "object",
                                                              {
                                                                "podAffinityTerm": [
                                                                  "object",
                                                                  {
                                                                    "labelSelector": [
                                                                      "object",
                                                                      {
                                                                        "matchExpressions": [
                                                                          "list",
                                                                          [
                                                                            "object",
                                                                            {
                                                                              "key": "string",
                                                                              "operator": "string",
                                                                              "values": [
                                                                                "list",
                                                                                "string"
                                                                              ]
                                                                            }
                                                                          ]
                                                                        ],
                                                                        "matchLabels": [
                                                                          "map",
                                                                          "string"
                                                                        ]
                                                                      }
                                                                    ],
                                                                    "matchLabelKeys": [
                                                                      "list",
                                                                      "string"
                                                                    ],
                                                                    "mismatchLabelKeys": [
                                                                      "list",
                                                                      "string"
                                                                    ],
                                                                    "namespaceSelector": [
                                                                      "object",
                                                                      {
                                                                        "matchExpressions": [
                                                                          "list",
                                                                          [
                                                                            "object",
                                                                            {
                                                                              "key": "string",
                                                                              "operator": "string",
                                                                              "values": [
                                                                                "list",
                                                                                "string"
                                                                              ]
                                                                            }
                                                                          ]
                                                                        ],
                                                                        "matchLabels": [
                                                                          "map",
                                                                          "string"
                                                                        ]
                                                                      }
                                                                    ],
                                                                    "namespaces": [
                                                                      "list",
                                                                      "string"
                                                                    ],
                                                                    "topologyKey": "string"
                                                                  }
                                                                ],
                                                                "weight": "number"
                                                              }
                                                            ]
                                                          ],
                                                          "requiredDuringSchedulingIgnoredDuringExecution": [
                                                            "list",
                                                            [
                                                              "object",
                                                              {
                                                                "labelSelector": [
                                                                  "object",
                                                                  {
                                                                    "matchExpressions": [
                                                                      "list",
                                                                      [
                                                                        "object",
                                                                        {
                                                                          "key": "string",
                                                                          "operator": "string",
                                                                          "values": [
                                                                            "list",
                                                                            "string"
                                                                          ]
                                                                        }
                                                                      ]
                                                                    ],
                                                                    "matchLabels": [
                                                                      "map",
                                                                      "string"
                                                                    ]
                                                                  }
                                                                ],
                                                                "matchLabelKeys": [
                                                                  "list",
                                                                  "string"
                                                                ],
                                                                "mismatchLabelKeys": [
                                                                  "list",
                                                                  "string"
                                                                ],
                                                                "namespaceSelector": [
                                                                  "object",
                                                                  {
                                                                    "matchExpressions": [
                                                                      "list",
                                                                      [
                                                                        "object",
                                                                        {
                                                                          "key": "string",
                                                                          "operator": "string",
                                                                          "values": [
                                                                            "list",
                                                                            "string"
                                                                          ]
                                                                        }
                                                                      ]
                                                                    ],
                                                                    "matchLabels": [
                                                                      "map",
                                                                      "string"
                                                                    ]
                                                                  }
                                                                ],
                                                                "namespaces": [
                                                                  "list",
                                                                  "string"
                                                                ],
                                                                "topologyKey": "string"
                                                              }
                                                            ]
                                                          ]
                                                        }
                                                      ],
                                                      "podAntiAffinity": [
                                                        "object",
                                                        {
                                                          "preferredDuringSchedulingIgnoredDuringExecution": [
                                                            "list",
                                                            [
                                                              "object",
                                                              {
                                                                "podAffinityTerm": [
                                                                  "object",
                                                                  {
                                                                    "labelSelector": [
                                                                      "object",
                                                                      {
                                                                        "matchExpressions": [
                                                                          "list",
                                                                          [
                                                                            "object",
                                                                            {
                                                                              "key": "string",
                                                                              "operator": "string",
                                                                              "values": [
                                                                                "list",
                                                                                "string"
                                                                              ]
                                                                            }
                                                                          ]
                                                                        ],
                                                                        "matchLabels": [
                                                                          "map",
                                                                          "string"
                                                                        ]
                                                                      }
                                                                    ],
                                                                    "matchLabelKeys": [
                                                                      "list",
                                                                      "string"
                                                                    ],
                                                                    "mismatchLabelKeys": [
                                                                      "list",
                                                                      "string"
                                                                    ],
                                                                    "namespaceSelector": [
                                                                      "object",
                                                                      {
                                                                        "matchExpressions": [
                                                                          "list",
                                                                          [
                                                                            "object",
                                                                            {
                                                                              "key": "string",
                                                                              "operator": "string",
                                                                              "values": [
                                                                                "list",
                                                                                "string"
                                                                              ]
                                                                            }
                                                                          ]
                                                                        ],
                                                                        "matchLabels": [
                                                                          "map",
                                                                          "string"
                                                                        ]
                                                                      }
                                                                    ],
                                                                    "namespaces": [
                                                                      "list",
                                                                      "string"
                                                                    ],
                                                                    "topologyKey": "string"
                                                                  }
                                                                ],
                                                                "weight": "number"
                                                              }
                                                            ]
                                                          ],
                                                          "requiredDuringSchedulingIgnoredDuringExecution": [
                                                            "list",
                                                            [
                                                              "object",
                                                              {
                                                                "labelSelector": [
                                                                  "object",
                                                                  {
                                                                    "matchExpressions": [
                                                                      "list",
                                                                      [
                                                                        "object",
                                                                        {
                                                                          "key": "string",
                                                                          "operator": "string",
                                                                          "values": [
                                                                            "list",
                                                                            "string"
                                                                          ]
                                                                        }
                                                                      ]
                                                                    ],
                                                                    "matchLabels": [
                                                                      "map",
                                                                      "string"
                                                                    ]
                                                                  }
                                                                ],
                                                                "matchLabelKeys": [
                                                                  "list",
                                                                  "string"
                                                                ],
                                                                "mismatchLabelKeys": [
                                                                  "list",
                                                                  "string"
                                                                ],
                                                                "namespaceSelector": [
                                                                  "object",
                                                                  {
                                                                    "matchExpressions": [
                                                                      "list",
                                                                      [
                                                                        "object",
                                                                        {
                                                                          "key": "string",
                                                                          "operator": "string",
                                                                          "values": [
                                                                            "list",
                                                                            "string"
                                                                          ]
                                                                        }
                                                                      ]
                                                                    ],
                                                                    "matchLabels": [
                                                                      "map",
                                                                      "string"
                                                                    ]
                                                                  }
                                                                ],
                                                                "namespaces": [
                                                                  "list",
                                                                  "string"
                                                                ],
                                                                "topologyKey": "string"
                                                              }
                                                            ]
                                                          ]
                                                        }
                                                      ]
                                                    }
                                                  ],
                                                  "imagePullSecrets": [
                                                    "list",
                                                    [
                                                      "object",
                                                      {
                                                        "name": "string"
                                                      }
                                                    ]
                                                  ],
                                                  "nodeSelector": [
                                                    "map",
                                                    "string"
                                                  ],
                                                  "priorityClassName": "string",
                                                  "securityContext": [
                                                    "object",
                                                    {
                                                      "fsGroup": "number",
                                                      "fsGroupChangePolicy": "string",
                                                      "runAsGroup": "number",
                                                      "runAsNonRoot": "bool",
                                                      "runAsUser": "number",
                                                      "seLinuxOptions": [
                                                        "object",
                                                        {
                                                          "level": "string",
                                                          "role": "string",
                                                          "type": "string",
                                                          "user": "string"
                                                        }
                                                      ],
                                                      "seccompProfile": [
                                                        "object",
                                                        {
                                                          "localhostProfile": "string",
                                                          "type": "string"
                                                        }
                                                      ],
                                                      "supplementalGroups": [
                                                        "list",
                                                        "number"
                                                      ],
                                                      "sysctls": [
                                                        "list",
                                                        [
                                                          "object",
                                                          {
                                                            "name": "string",
                                                            "value": "string"
                                                          }
                                                        ]
                                                      ]
                                                    }
                                                  ],
                                                  "serviceAccountName": "string",
                                                  "tolerations": [
                                                    "list",
                                                    [
                                                      "object",
                                                      {
                                                        "effect": "string",
                                                        "key": "string",
                                                        "operator": "string",
                                                        "tolerationSeconds": "number",
                                                        "value": "string"
                                                      }
                                                    ]
                                                  ]
                                                }
                                              ]
                                            }
                                          ],
                                          "serviceType": "string"
                                        }
                                      ]
                                    }
                                  ],
                                  "selector": [
                                    "object",
                                    {
                                      "dnsNames": [
                                        "list",
                                        "string"
                                      ],
                                      "dnsZones": [
                                        "list",
                                        "string"
                                      ],
                                      "matchLabels": [
                                        "map",
                                        "string"
                                      ]
                                    }
                                  ]
                                }
                              ]
                            ]
                          ]
                        }
                      ],
                      "ca": [
                        "object",
                        {
                          "crlDistributionPoints": [
                            "list",
                            "string"
                          ],
                          "issuingCertificateURLs": [
                            "list",
                            "string"
                          ],
                          "ocspServers": [
                            "list",
                            "string"
                          ],
                          "secretName": "string"
                        }
                      ],
                      "selfSigned": [
                        "object",
                        {
                          "crlDistributionPoints": [
                            "list",
                            "string"
                          ]
                        }
                      ],
                      "vault": [
                        "object",
                        {
                          "auth": [
                            "object",
                            {
                              "appRole": [
                                "object",
                                {
                                  "path": "string",
                                  "roleId": "string",
                                  "secretRef": [
                                    "object",
                                    {
                                      "key": "string",
                                      "name": "string"
                                    }
                                  ]
                                }
                              ],
                              "clientCertificate": [
                                "object",
                                {
                                  "mountPath": "string",
                                  "name": "string",
                                  "secretName": "string"
                                }
                              ],
                              "kubernetes": [
                                "object",
                                {
                                  "mountPath": "string",
                                  "role": "string",
                                  "secretRef": [
                                    "object",
                                    {
                                      "key": "string",
                                      "name": "string"
                                    }
                                  ],
                                  "serviceAccountRef": [
                                    "object",
                                    {
                                      "audiences": [
                                        "list",
                                        "string"
                                      ],
                                      "name": "string"
                                    }
                                  ]
                                }
                              ],
                              "tokenSecretRef": [
                                "object",
                                {
                                  "key": "string",
                                  "name": "string"
                                }
                              ]
                            }
                          ],
                          "caBundle": "string",
                          "caBundleSecretRef": [
                            "object",
                            {
                              "key": "string",
                              "name": "string"
                            }
                          ],
                          "clientCertSecretRef": [
                            "object",
                            {
                              "key": "string",
                              "name": "string"
                            }
                          ],
                          "clientKeySecretRef": [
                            "object",
                            {
                              "key": "string",
                              "name": "string"
                            }
                          ],
                          "namespace": "string",
                          "path": "string",
                          "server": "string",
                          "serverName": "string"
                        }
                      ],
                      "venafi": [
                        "object",
                        {
                          "cloud": [
                            "object",
                            {
                              "apiTokenSecretRef": [
                                "object",
                                {
                                  "key": "string",
                                  "name": "string"
                                }
                              ],
                              "url": "string"
                            }
                          ],
                          "tpp": [
                            "object",
                            {
                              "caBundle": "string",
                              "caBundleSecretRef": [
                                "object",
                                {
                                  "key": "string",
                                  "name": "string"
                                }
                              ],
                              "credentialsRef": [
                                "object",
                                {
                                  "name": "string"
                                }
                              ],
                              "url": "string"
                            }
                          ],
                          "zone": "string"
                        }
                      ]
                    }
                  ]
                }
              ]
            },
            "timeouts": [],
            "wait": [],
            "wait_for": null
          },
          "sensitive_attributes": [],
          "identity_schema_version": 0,
          "dependencies": [
            "helm_release.cert_manager",
            "null_resource.kubeconfig",
            "scaleway_k8s_cluster.cluster",
            "scaleway_k8s_pool.pool",
            "scaleway_vpc.main",
            "scaleway_vpc_private_network.main"
          ]
        }
      ]
    },
    {
      "mode": "managed",
      "type": "null_resource",
      "name": "kubeconfig",
      "provider": "provider[\"registry.terraform.io/hashicorp/null\"]",
      "instances": [
        {
          "schema_version": 0,
          "attributes": {
            "id": "8549650190916478477",
            "triggers": {
              "cluster_ca_certificate": "LS0tLS1CRUdJTiBDRVJUSUZJQ0FURS0tLS0tCk1JSUM1ekNDQWMrZ0F3SUJBZ0lCQURBTkJna3Foa2lHOXcwQkFRc0ZBREFWTVJNd0VRWURWUVFERXdwcmRXSmwKY201bGRHVnpNQjRYRFRJMU1EZ3pNREUyTXpnME1Gb1hEVE0xTURnek1ERTJNemcwTUZvd0ZURVRNQkVHQTFVRQpBeE1LYTNWaVpYSnVaWFJsY3pDQ0FTSXdEUVlKS29aSWh2Y05BUUVCQlFBRGdnRVBBRENDQVFvQ2dnRUJBTy85CjBod081WERxYWxmcEFDaERza3pocWVMeEZmeVUvR2txYUgxQjlyYTJhRzhaMTV4eERYeE9WSGdOWVB2czMwYTQKMjVvQ29uTkVncjJ2cmN1Rnl1TmxTaWVwWkRYRXpVMjlESmhKb25qYkJFT1JxcE8zQmZpeGhIUXJaY0JPMk1FMAovYWUzUHJiQkYzUlVkYVFSeStNY29FODhXSDd4VVZ4aHlCMU1vTnJOMnMrWjVvVGhRYUp2WENFYTFmRWdyOUk2CmV1ZnRDbjJrNVpnWjFnTUNlVTFHbTJEQzB4K2R1MStoMkNxL2dCMmtjZk5OQWkrQmpkb1pTTUI3d3cyNVZFVFYKUnp6eGVqb0xnWm5WbFkxekhtSHpwYStNY2VLL01GVDVEemg0R3Rrcjk1UHdlOXdnZFlwUHplb2RUd282ZnB3TApPcXhIOUpQMHlTSDZtNVFZU1ZrQ0F3RUFBYU5DTUVBd0RnWURWUjBQQVFIL0JBUURBZ0trTUE4R0ExVWRFd0VCCi93UUZNQU1CQWY4d0hRWURWUjBPQkJZRUZDWlR2TlVUakx2bzVzRkpNbDFhR2xnTS9tbFlNQTBHQ1NxR1NJYjMKRFFFQkN3VUFBNElCQVFEVC9aMEJGbzRYVzlZQ2k3NHUzL2tsb1d4eHYvSWd2T2NMam9LREIxejh2cGVXTTc0MAo2UE9EQU0zSFlwc3l1VFFFcVRxNVEwbTBpaXJoQlZZRXdKc1lpTjIzbTBxU0pFRThuc2ptRWxSZlA5SmtNeTZxCnQzSzhEb1ZxSUg5SjFvVTJUS3hoZ3RVblBtNGIwRHZrY0luSXZFNkh5andIQWVpTERjN2dLaERYcW4zbUx5d1AKU3JSU3NyUWk1ZVREaThBWHgxVnd3Vy9neGg0M0tidGg4YTdnZ3crK2RVbzRZWDYrMWVidEJiU0FpWklzN1VOdwpCUXFzWVRudzI5dVdxc1RCWDQ0UWJQdWs0b0U4V2pscEJPQ2lkcGdJREhWNWJwK0R2bzVjTzBMWm12Rm9ycVhUClhQZFgzaEw3NnFMVGRMSVpDWmt3S2t6VkhHVi9CYkpHWnUzYQotLS0tLUVORCBDRVJUSUZJQ0FURS0tLS0tCg==",
              "host": "https://7430e422-3137-4b41-be1b-5090a0233e7e.api.k8s.fr-par.scw.cloud:6443",
              "token": "OZui8uS5c9qB8gsVXnxdh3FkrijVYmhFEN9rm6OtYk9CFz02N7OigaOW"
            }
          },
          "sensitive_attributes": [
            [
              {
                "type": "get_attr",
                "value": "triggers"
              },
              {
                "type": "index",
                "value": {
                  "value": "cluster_ca_certificate",
                  "type": "string"
                }
              }
            ],
            [
              {
                "type": "get_attr",
                "value": "triggers"
              },
              {
                "type": "index",
                "value": {
                  "value": "host",
                  "type": "string"
                }
              }
            ],
            [
              {
                "type": "get_attr",
                "value": "triggers"
              },
              {
                "type": "index",
                "value": {
                  "value": "token",
                  "type": "string"
                }
              }
            ]
          ],
          "identity_schema_version": 0,
          "dependencies": [
            "scaleway_k8s_cluster.cluster",
            "scaleway_k8s_pool.pool",
            "scaleway_vpc.main",
            "scaleway_vpc_private_network.main"
          ]
        }
      ]
    },
    {
      "mode": "managed",
      "type": "scaleway_domain_record",
      "name": "www",
      "provider": "provider[\"registry.terraform.io/scaleway/scaleway\"]",
      "instances": [
        {
          "schema_version": 0,
          "attributes": {
            "data": "51.159.84.187",
            "dns_zone": "grp-4.esgi.slashops.fr",
            "fqdn": "grp-4.esgi.slashops.fr",
            "geo_ip": [],
            "http_service": [],
            "id": "badd0902-d36c-42e3-b1be-a73324bf74a7",
            "name": "",
            "priority": 0,
            "project_id": "af37e4fc-e172-4e7b-807d-932ea1afe8dd",
            "root_zone": false,
            "timeouts": null,
            "ttl": 3600,
            "type": "A",
            "view": [],
            "weighted": []
          },
          "sensitive_attributes": [],
          "identity_schema_version": 0,
          "private": "eyJlMmJmYjczMC1lY2FhLTExZTYtOGY4OC0zNDM2M2JjN2M0YzAiOnsiY3JlYXRlIjozMDAwMDAwMDAwMDAsImRlZmF1bHQiOjMwMDAwMDAwMDAwMCwiZGVsZXRlIjozMDAwMDAwMDAwMDAsInJlYWQiOjMwMDAwMDAwMDAwMCwidXBkYXRlIjozMDAwMDAwMDAwMDB9fQ==",
          "dependencies": [
            "data.scaleway_domain_zone.main",
            "scaleway_lb_ip.nginx_ip"
          ]
        }
      ]
    },
    {
      "mode": "managed",
      "type": "scaleway_k8s_cluster",
      "name": "cluster",
      "provider": "provider[\"registry.terraform.io/scaleway/scaleway\"]",
      "instances": [
        {
          "schema_version": 0,
          "attributes": {
            "admission_plugins": [],
            "apiserver_cert_sans": [],
            "apiserver_url": "https://7430e422-3137-4b41-be1b-5090a0233e7e.api.k8s.fr-par.scw.cloud:6443",
            "auto_upgrade": [
              {
                "enable": false,
                "maintenance_window_day": "any",
                "maintenance_window_start_hour": 0
              }
            ],
            "autoscaler_config": [
              {
                "balance_similar_node_groups": false,
                "disable_scale_down": false,
                "estimator": "binpacking",
                "expander": "random",
                "expendable_pods_priority_cutoff": 0,
                "ignore_daemonsets_utilization": false,
                "max_graceful_termination_sec": 0,
                "scale_down_delay_after_add": "10m",
                "scale_down_unneeded_time": "10m",
                "scale_down_utilization_threshold": 0.5
              }
            ],
            "cni": "cilium",
            "created_at": "2025-08-31T16:38:40Z",
            "delete_additional_resources": false,
            "description": "",
            "feature_gates": [],
            "id": "fr-par/7430e422-3137-4b41-be1b-5090a0233e7e",
            "kubeconfig": [
              {
                "cluster_ca_certificate": "LS0tLS1CRUdJTiBDRVJUSUZJQ0FURS0tLS0tCk1JSUM1ekNDQWMrZ0F3SUJBZ0lCQURBTkJna3Foa2lHOXcwQkFRc0ZBREFWTVJNd0VRWURWUVFERXdwcmRXSmwKY201bGRHVnpNQjRYRFRJMU1EZ3pNREUyTXpnME1Gb1hEVE0xTURnek1ERTJNemcwTUZvd0ZURVRNQkVHQTFVRQpBeE1LYTNWaVpYSnVaWFJsY3pDQ0FTSXdEUVlKS29aSWh2Y05BUUVCQlFBRGdnRVBBRENDQVFvQ2dnRUJBTy85CjBod081WERxYWxmcEFDaERza3pocWVMeEZmeVUvR2txYUgxQjlyYTJhRzhaMTV4eERYeE9WSGdOWVB2czMwYTQKMjVvQ29uTkVncjJ2cmN1Rnl1TmxTaWVwWkRYRXpVMjlESmhKb25qYkJFT1JxcE8zQmZpeGhIUXJaY0JPMk1FMAovYWUzUHJiQkYzUlVkYVFSeStNY29FODhXSDd4VVZ4aHlCMU1vTnJOMnMrWjVvVGhRYUp2WENFYTFmRWdyOUk2CmV1ZnRDbjJrNVpnWjFnTUNlVTFHbTJEQzB4K2R1MStoMkNxL2dCMmtjZk5OQWkrQmpkb1pTTUI3d3cyNVZFVFYKUnp6eGVqb0xnWm5WbFkxekhtSHpwYStNY2VLL01GVDVEemg0R3Rrcjk1UHdlOXdnZFlwUHplb2RUd282ZnB3TApPcXhIOUpQMHlTSDZtNVFZU1ZrQ0F3RUFBYU5DTUVBd0RnWURWUjBQQVFIL0JBUURBZ0trTUE4R0ExVWRFd0VCCi93UUZNQU1CQWY4d0hRWURWUjBPQkJZRUZDWlR2TlVUakx2bzVzRkpNbDFhR2xnTS9tbFlNQTBHQ1NxR1NJYjMKRFFFQkN3VUFBNElCQVFEVC9aMEJGbzRYVzlZQ2k3NHUzL2tsb1d4eHYvSWd2T2NMam9LREIxejh2cGVXTTc0MAo2UE9EQU0zSFlwc3l1VFFFcVRxNVEwbTBpaXJoQlZZRXdKc1lpTjIzbTBxU0pFRThuc2ptRWxSZlA5SmtNeTZxCnQzSzhEb1ZxSUg5SjFvVTJUS3hoZ3RVblBtNGIwRHZrY0luSXZFNkh5andIQWVpTERjN2dLaERYcW4zbUx5d1AKU3JSU3NyUWk1ZVREaThBWHgxVnd3Vy9neGg0M0tidGg4YTdnZ3crK2RVbzRZWDYrMWVidEJiU0FpWklzN1VOdwpCUXFzWVRudzI5dVdxc1RCWDQ0UWJQdWs0b0U4V2pscEJPQ2lkcGdJREhWNWJwK0R2bzVjTzBMWm12Rm9ycVhUClhQZFgzaEw3NnFMVGRMSVpDWmt3S2t6VkhHVi9CYkpHWnUzYQotLS0tLUVORCBDRVJUSUZJQ0FURS0tLS0tCg==",
                "config_file": "apiVersion: v1\nclusters:\n- name: \"grp-4\"\n  cluster:\n    certificate-authority-data: LS0tLS1CRUdJTiBDRVJUSUZJQ0FURS0tLS0tCk1JSUM1ekNDQWMrZ0F3SUJBZ0lCQURBTkJna3Foa2lHOXcwQkFRc0ZBREFWTVJNd0VRWURWUVFERXdwcmRXSmwKY201bGRHVnpNQjRYRFRJMU1EZ3pNREUyTXpnME1Gb1hEVE0xTURnek1ERTJNemcwTUZvd0ZURVRNQkVHQTFVRQpBeE1LYTNWaVpYSnVaWFJsY3pDQ0FTSXdEUVlKS29aSWh2Y05BUUVCQlFBRGdnRVBBRENDQVFvQ2dnRUJBTy85CjBod081WERxYWxmcEFDaERza3pocWVMeEZmeVUvR2txYUgxQjlyYTJhRzhaMTV4eERYeE9WSGdOWVB2czMwYTQKMjVvQ29uTkVncjJ2cmN1Rnl1TmxTaWVwWkRYRXpVMjlESmhKb25qYkJFT1JxcE8zQmZpeGhIUXJaY0JPMk1FMAovYWUzUHJiQkYzUlVkYVFSeStNY29FODhXSDd4VVZ4aHlCMU1vTnJOMnMrWjVvVGhRYUp2WENFYTFmRWdyOUk2CmV1ZnRDbjJrNVpnWjFnTUNlVTFHbTJEQzB4K2R1MStoMkNxL2dCMmtjZk5OQWkrQmpkb1pTTUI3d3cyNVZFVFYKUnp6eGVqb0xnWm5WbFkxekhtSHpwYStNY2VLL01GVDVEemg0R3Rrcjk1UHdlOXdnZFlwUHplb2RUd282ZnB3TApPcXhIOUpQMHlTSDZtNVFZU1ZrQ0F3RUFBYU5DTUVBd0RnWURWUjBQQVFIL0JBUURBZ0trTUE4R0ExVWRFd0VCCi93UUZNQU1CQWY4d0hRWURWUjBPQkJZRUZDWlR2TlVUakx2bzVzRkpNbDFhR2xnTS9tbFlNQTBHQ1NxR1NJYjMKRFFFQkN3VUFBNElCQVFEVC9aMEJGbzRYVzlZQ2k3NHUzL2tsb1d4eHYvSWd2T2NMam9LREIxejh2cGVXTTc0MAo2UE9EQU0zSFlwc3l1VFFFcVRxNVEwbTBpaXJoQlZZRXdKc1lpTjIzbTBxU0pFRThuc2ptRWxSZlA5SmtNeTZxCnQzSzhEb1ZxSUg5SjFvVTJUS3hoZ3RVblBtNGIwRHZrY0luSXZFNkh5andIQWVpTERjN2dLaERYcW4zbUx5d1AKU3JSU3NyUWk1ZVREaThBWHgxVnd3Vy9neGg0M0tidGg4YTdnZ3crK2RVbzRZWDYrMWVidEJiU0FpWklzN1VOdwpCUXFzWVRudzI5dVdxc1RCWDQ0UWJQdWs0b0U4V2pscEJPQ2lkcGdJREhWNWJwK0R2bzVjTzBMWm12Rm9ycVhUClhQZFgzaEw3NnFMVGRMSVpDWmt3S2t6VkhHVi9CYkpHWnUzYQotLS0tLUVORCBDRVJUSUZJQ0FURS0tLS0tCg==\n    server: https://7430e422-3137-4b41-be1b-5090a0233e7e.api.k8s.fr-par.scw.cloud:6443\ncontexts:\n- name: admin@grp-4\n  context:\n    cluster: \"grp-4\"\n    user: grp-4-admin\ncurrent-context: admin@grp-4\nkind: Config\npreferences: {}\nusers:\n- name: grp-4-admin\n  user:\n    token: OZui8uS5c9qB8gsVXnxdh3FkrijVYmhFEN9rm6OtYk9CFz02N7OigaOW",
                "host": "https://7430e422-3137-4b41-be1b-5090a0233e7e.api.k8s.fr-par.scw.cloud:6443",
                "token": "OZui8uS5c9qB8gsVXnxdh3FkrijVYmhFEN9rm6OtYk9CFz02N7OigaOW"
              }
            ],
            "name": "grp-4",
            "open_id_connect_config": [
              {
                "client_id": "",
                "groups_claim": [],
                "groups_prefix": "",
                "issuer_url": "",
                "required_claim": [],
                "username_claim": "",
                "username_prefix": ""
              }
            ],
            "organization_id": "b5408fa8-956a-42bc-80d5-a1d3eb031f4c",
            "private_network_id": "dec5d2f4-9570-4833-a75c-c342972ca0b4",
            "project_id": "af37e4fc-e172-4e7b-807d-932ea1afe8dd",
            "region": "fr-par",
            "status": "ready",
            "tags": [
              "grp-4-cluster"
            ],
            "timeouts": null,
            "type": "kapsule",
            "updated_at": "2025-08-31T16:40:22Z",
            "upgrade_available": true,
            "version": "1.32.3",
            "wildcard_dns": "*.7430e422-3137-4b41-be1b-5090a0233e7e.nodes.k8s.fr-par.scw.cloud"
          },
          "sensitive_attributes": [
            [
              {
                "type": "get_attr",
                "value": "kubeconfig"
              }
            ]
          ],
          "identity_schema_version": 0,
          "private": "eyJlMmJmYjczMC1lY2FhLTExZTYtOGY4OC0zNDM2M2JjN2M0YzAiOnsiY3JlYXRlIjo5MDAwMDAwMDAwMDAsImRlZmF1bHQiOjkwMDAwMDAwMDAwMCwiZGVsZXRlIjo5MDAwMDAwMDAwMDAsInJlYWQiOjkwMDAwMDAwMDAwMCwidXBkYXRlIjo5MDAwMDAwMDAwMDB9fQ==",
          "dependencies": [
            "scaleway_vpc.main",
            "scaleway_vpc_private_network.main"
          ]
        }
      ]
    },
    {
      "mode": "managed",
      "type": "scaleway_k8s_pool",
      "name": "pool",
      "provider": "provider[\"registry.terraform.io/scaleway/scaleway\"]",
      "instances": [
        {
          "schema_version": 0,
          "attributes": {
            "autohealing": true,
            "autoscaling": true,
            "cluster_id": "fr-par/7430e422-3137-4b41-be1b-5090a0233e7e",
            "container_runtime": "containerd",
            "created_at": "2025-08-31T16:38:46Z",
            "current_size": 1,
            "id": "fr-par/1e74b642-ef87-426b-a74f-a2e4643f0b95",
            "kubelet_args": {},
            "max_size": 1,
            "min_size": 1,
            "name": "grp-4-pool-1",
            "node_type": "dev1_m",
            "nodes": [
              {
                "id": "befa3112-31f5-4f04-afce-0c6e4c2af39e",
                "name": "scw-grp-4-grp-4-pool-1-befa311231f54f04afce0c6",
                "private_ips": [
                  {
                    "address": "fd5d:6059:56c1:b259:308b:cfb:3876:7de",
                    "id": "fr-par/29a27c0a-4208-4165-9051-f1be9f1913b8"
                  },
                  {
                    "address": "172.16.12.3",
                    "id": "fr-par/2304ab38-9c96-4df0-b1a0-1739f2550d0d"
                  }
                ],
                "public_ip": "51.159.135.154",
                "public_ip_v6": "",
                "status": "ready"
              }
            ],
            "placement_group_id": null,
            "public_ip_disabled": false,
            "region": "fr-par",
            "root_volume_size_in_gb": 40,
            "root_volume_type": "l_ssd",
            "security_group_id": "f1324f73-eef3-4674-889d-22a65d206ce5",
            "size": 1,
            "status": "ready",
            "tags": [
              "grp-4-pool"
            ],
            "timeouts": null,
            "updated_at": "2025-08-31T16:45:44Z",
            "upgrade_policy": [
              {
                "max_surge": 0,
                "max_unavailable": 1
              }
            ],
            "version": "1.32.3",
            "wait_for_pool_ready": true,
            "zone": "fr-par-2"
          },
          "sensitive_attributes": [],
          "identity_schema_version": 0,
          "private": "eyJlMmJmYjczMC1lY2FhLTExZTYtOGY4OC0zNDM2M2JjN2M0YzAiOnsiY3JlYXRlIjoxODAwMDAwMDAwMDAwLCJkZWZhdWx0IjoxODAwMDAwMDAwMDAwLCJkZWxldGUiOjE4MDAwMDAwMDAwMDAsInJlYWQiOjE4MDAwMDAwMDAwMDAsInVwZGF0ZSI6MTgwMDAwMDAwMDAwMH19",
          "dependencies": [
            "scaleway_k8s_cluster.cluster",
            "scaleway_vpc.main",
            "scaleway_vpc_private_network.main"
          ]
        }
      ]
    },
    {
      "mode": "managed",
      "type": "scaleway_lb_ip",
      "name": "nginx_ip",
      "provider": "provider[\"registry.terraform.io/scaleway/scaleway\"]",
      "instances": [
        {
          "schema_version": 1,
          "attributes": {
            "id": "fr-par-2/27f240a7-ad63-4d17-9275-f4b90f8f1550",
            "ip_address": "51.159.84.187",
            "is_ipv6": false,
            "lb_id": "",
            "organization_id": "b5408fa8-956a-42bc-80d5-a1d3eb031f4c",
            "project_id": "af37e4fc-e172-4e7b-807d-932ea1afe8dd",
            "region": "fr-par",
            "reverse": "51-159-84-187.lb.fr-par.scw.cloud",
            "tags": null,
            "timeouts": null,
            "zone": "fr-par-2"
          },
          "sensitive_attributes": [],
          "identity_schema_version": 0,
          "private": "eyJlMmJmYjczMC1lY2FhLTExZTYtOGY4OC0zNDM2M2JjN2M0YzAiOnsiY3JlYXRlIjo5MDAwMDAwMDAwMDAsImRlZmF1bHQiOjkwMDAwMDAwMDAwMCwiZGVsZXRlIjo5MDAwMDAwMDAwMDAsInJlYWQiOjkwMDAwMDAwMDAwMCwidXBkYXRlIjo5MDAwMDAwMDAwMDB9LCJzY2hlbWFfdmVyc2lvbiI6IjEifQ=="
        }
      ]
    },
    {
      "mode": "managed",
      "type": "scaleway_vpc",
      "name": "main",
      "provider": "provider[\"registry.terraform.io/scaleway/scaleway\"]",
      "instances": [
        {
          "schema_version": 0,
          "attributes": {
            "created_at": "2025-08-31T16:38:39Z",
            "enable_custom_routes_propagation": true,
            "enable_routing": true,
            "id": "fr-par/b25be7a1-449d-4852-a48d-832933c2c93a",
            "is_default": false,
            "name": "grp-4-kubernetes-vpc",
            "organization_id": "b5408fa8-956a-42bc-80d5-a1d3eb031f4c",
            "project_id": "af37e4fc-e172-4e7b-807d-932ea1afe8dd",
            "region": "fr-par",
            "tags": [
              "grp-4-vpc"
            ],
            "updated_at": "2025-08-31T16:38:39Z"
          },
          "sensitive_attributes": [],
          "identity_schema_version": 0,
          "private": "bnVsbA=="
        }
      ]
    },
    {
      "mode": "managed",
      "type": "scaleway_vpc_gateway_network",
      "name": "main",
      "provider": "provider[\"registry.terraform.io/scaleway/scaleway\"]",
      "instances": [
        {
          "schema_version": 0,
          "attributes": {
            "cleanup_dhcp": null,
            "created_at": "2025-09-02T06:43:25Z",
            "dhcp_id": null,
            "enable_dhcp": null,
            "enable_masquerade": true,
            "gateway_id": "fr-par-2/7e6acdfd-ae3b-4626-8077-bebbe69689f0",
            "id": "fr-par-2/8f97797b-2e6f-4b20-96e3-61c572abcce5",
            "ipam_config": [
              {
                "ipam_ip_id": "8cdc79f1-ff72-44c9-86a4-22e5d4ec070f",
                "push_default_route": true
              }
            ],
            "mac_address": "02:00:00:28:7F:B9",
            "private_ip": [
              {
                "address": "172.16.12.4",
                "id": "fr-par/8cdc79f1-ff72-44c9-86a4-22e5d4ec070f"
              }
            ],
            "private_network_id": "fr-par/dec5d2f4-9570-4833-a75c-c342972ca0b4",
            "static_address": null,
            "status": "ready",
            "timeouts": null,
            "updated_at": "2025-09-02T06:43:36Z",
            "zone": "fr-par-2"
          },
          "sensitive_attributes": [],
          "identity_schema_version": 0,
          "private": "eyJlMmJmYjczMC1lY2FhLTExZTYtOGY4OC0zNDM2M2JjN2M0YzAiOnsiY3JlYXRlIjo2MDAwMDAwMDAwMDAsImRlZmF1bHQiOjYwMDAwMDAwMDAwMCwiZGVsZXRlIjo2MDAwMDAwMDAwMDAsInJlYWQiOjYwMDAwMDAwMDAwMCwidXBkYXRlIjo2MDAwMDAwMDAwMDB9fQ==",
          "dependencies": [
            "scaleway_vpc.main",
            "scaleway_vpc_private_network.main",
            "scaleway_vpc_public_gateway.main",
            "scaleway_vpc_public_gateway_ip.main"
          ]
        }
      ]
    },
    {
      "mode": "managed",
      "type": "scaleway_vpc_private_network",
      "name": "main",
      "provider": "provider[\"registry.terraform.io/scaleway/scaleway\"]",
      "instances": [
        {
          "schema_version": 1,
          "attributes": {
            "created_at": "2025-08-31T16:38:39Z",
            "enable_default_route_propagation": false,
            "id": "fr-par/dec5d2f4-9570-4833-a75c-c342972ca0b4",
            "ipv4_subnet": [
              {
                "address": "172.16.12.0",
                "created_at": "2025-08-31T16:38:39Z",
                "id": "823cf897-f646-4e25-838c-42ed6c5ea5f8",
                "prefix_length": 22,
                "subnet": "172.16.12.0/22",
                "subnet_mask": "255.255.252.0",
                "updated_at": "2025-08-31T16:38:39Z"
              }
            ],
            "ipv6_subnets": [
              {
                "address": "fd5d:6059:56c1:b259::",
                "created_at": "2025-08-31T16:38:39Z",
                "id": "e8519757-2dcf-4a5c-9592-2968de53a696",
                "prefix_length": 64,
                "subnet": "fd5d:6059:56c1:b259::/64",
                "subnet_mask": "255.255.255.255.255.255.255.255.0.0.0.0.0.0.0.0",
                "updated_at": "2025-08-31T16:38:39Z"
              }
            ],
            "is_regional": true,
            "name": "grp-4-private-network",
            "organization_id": "b5408fa8-956a-42bc-80d5-a1d3eb031f4c",
            "project_id": "af37e4fc-e172-4e7b-807d-932ea1afe8dd",
            "region": "fr-par",
            "tags": [
              "grp-4-private-network"
            ],
            "updated_at": "2025-08-31T16:38:39Z",
            "vpc_id": "fr-par/b25be7a1-449d-4852-a48d-832933c2c93a",
            "zone": "fr-par-2"
          },
          "sensitive_attributes": [],
          "identity_schema_version": 0,
          "private": "eyJzY2hlbWFfdmVyc2lvbiI6IjEifQ==",
          "dependencies": [
            "scaleway_vpc.main"
          ]
        }
      ]
    },
    {
      "mode": "managed",
      "type": "scaleway_vpc_public_gateway",
      "name": "main",
      "provider": "provider[\"registry.terraform.io/scaleway/scaleway\"]",
      "instances": [
        {
          "schema_version": 0,
          "attributes": {
            "allowed_ip_ranges": [
              "0.0.0.0/0"
            ],
            "bandwidth": 100,
            "bastion_enabled": false,
            "bastion_port": 61000,
            "created_at": "2025-09-02T06:43:14Z",
            "enable_smtp": false,
            "id": "fr-par-2/7e6acdfd-ae3b-4626-8077-bebbe69689f0",
            "ip_id": "fr-par-2/81f52a37-b17e-49c4-a2df-449051f3cd8f",
            "move_to_ipam": null,
            "name": "grp-4-gateway",
            "organization_id": "b5408fa8-956a-42bc-80d5-a1d3eb031f4c",
            "project_id": "af37e4fc-e172-4e7b-807d-932ea1afe8dd",
            "refresh_ssh_keys": null,
            "status": "running",
            "tags": [
              "grp-4-public-gateway"
            ],
            "timeouts": null,
            "type": "VPC-GW-S",
            "updated_at": "2025-09-02T06:43:24Z",
            "upstream_dns_servers": [],
            "zone": "fr-par-2"
          },
          "sensitive_attributes": [],
          "identity_schema_version": 0,
          "private": "eyJlMmJmYjczMC1lY2FhLTExZTYtOGY4OC0zNDM2M2JjN2M0YzAiOnsiY3JlYXRlIjo2MDAwMDAwMDAwMDAsImRlZmF1bHQiOjYwMDAwMDAwMDAwMCwiZGVsZXRlIjo2MDAwMDAwMDAwMDAsInJlYWQiOjYwMDAwMDAwMDAwMCwidXBkYXRlIjo2MDAwMDAwMDAwMDB9fQ==",
          "dependencies": [
            "scaleway_vpc_public_gateway_ip.main"
          ]
        }
      ]
    },
    {
      "mode": "managed",
      "type": "scaleway_vpc_public_gateway_ip",
      "name": "main",
      "provider": "provider[\"registry.terraform.io/scaleway/scaleway\"]",
      "instances": [
        {
          "index_key": 0,
          "schema_version": 0,
          "attributes": {
            "address": "51.159.163.151",
            "created_at": "2025-09-02T06:43:14Z",
            "id": "fr-par-2/81f52a37-b17e-49c4-a2df-449051f3cd8f",
            "organization_id": "b5408fa8-956a-42bc-80d5-a1d3eb031f4c",
            "project_id": "af37e4fc-e172-4e7b-807d-932ea1afe8dd",
            "reverse": "151-163-159-51.instances.scw.cloud",
            "tags": null,
            "updated_at": "2025-09-02T06:43:14Z",
            "zone": "fr-par-2"
          },
          "sensitive_attributes": [],
          "identity_schema_version": 0,
          "private": "bnVsbA=="
        }
      ]
    }
  ],
  "check_results": null
}
