{
  "version": 4,
  "terraform_version": "1.13.1",
  "serial": 217,
  "lineage": "c2cd26c2-16f1-19b5-cb4d-b3cd4318b9b5",
  "outputs": {},
  "resources": [
    {
      "mode": "managed",
      "type": "null_resource",
      "name": "kubeconfig",
      "provider": "provider[\"registry.terraform.io/hashicorp/null\"]",
      "instances": [
        {
          "schema_version": 0,
          "attributes": {
            "id": "8549650190916478477",
            "triggers": {
              "cluster_ca_certificate": "LS0tLS1CRUdJTiBDRVJUSUZJQ0FURS0tLS0tCk1JSUM1ekNDQWMrZ0F3SUJBZ0lCQURBTkJna3Foa2lHOXcwQkFRc0ZBREFWTVJNd0VRWURWUVFERXdwcmRXSmwKY201bGRHVnpNQjRYRFRJMU1EZ3pNREUyTXpnME1Gb1hEVE0xTURnek1ERTJNemcwTUZvd0ZURVRNQkVHQTFVRQpBeE1LYTNWaVpYSnVaWFJsY3pDQ0FTSXdEUVlKS29aSWh2Y05BUUVCQlFBRGdnRVBBRENDQVFvQ2dnRUJBTy85CjBod081WERxYWxmcEFDaERza3pocWVMeEZmeVUvR2txYUgxQjlyYTJhRzhaMTV4eERYeE9WSGdOWVB2czMwYTQKMjVvQ29uTkVncjJ2cmN1Rnl1TmxTaWVwWkRYRXpVMjlESmhKb25qYkJFT1JxcE8zQmZpeGhIUXJaY0JPMk1FMAovYWUzUHJiQkYzUlVkYVFSeStNY29FODhXSDd4VVZ4aHlCMU1vTnJOMnMrWjVvVGhRYUp2WENFYTFmRWdyOUk2CmV1ZnRDbjJrNVpnWjFnTUNlVTFHbTJEQzB4K2R1MStoMkNxL2dCMmtjZk5OQWkrQmpkb1pTTUI3d3cyNVZFVFYKUnp6eGVqb0xnWm5WbFkxekhtSHpwYStNY2VLL01GVDVEemg0R3Rrcjk1UHdlOXdnZFlwUHplb2RUd282ZnB3TApPcXhIOUpQMHlTSDZtNVFZU1ZrQ0F3RUFBYU5DTUVBd0RnWURWUjBQQVFIL0JBUURBZ0trTUE4R0ExVWRFd0VCCi93UUZNQU1CQWY4d0hRWURWUjBPQkJZRUZDWlR2TlVUakx2bzVzRkpNbDFhR2xnTS9tbFlNQTBHQ1NxR1NJYjMKRFFFQkN3VUFBNElCQVFEVC9aMEJGbzRYVzlZQ2k3NHUzL2tsb1d4eHYvSWd2T2NMam9LREIxejh2cGVXTTc0MAo2UE9EQU0zSFlwc3l1VFFFcVRxNVEwbTBpaXJoQlZZRXdKc1lpTjIzbTBxU0pFRThuc2ptRWxSZlA5SmtNeTZxCnQzSzhEb1ZxSUg5SjFvVTJUS3hoZ3RVblBtNGIwRHZrY0luSXZFNkh5andIQWVpTERjN2dLaERYcW4zbUx5d1AKU3JSU3NyUWk1ZVREaThBWHgxVnd3Vy9neGg0M0tidGg4YTdnZ3crK2RVbzRZWDYrMWVidEJiU0FpWklzN1VOdwpCUXFzWVRudzI5dVdxc1RCWDQ0UWJQdWs0b0U4V2pscEJPQ2lkcGdJREhWNWJwK0R2bzVjTzBMWm12Rm9ycVhUClhQZFgzaEw3NnFMVGRMSVpDWmt3S2t6VkhHVi9CYkpHWnUzYQotLS0tLUVORCBDRVJUSUZJQ0FURS0tLS0tCg==",
              "host": "https://7430e422-3137-4b41-be1b-5090a0233e7e.api.k8s.fr-par.scw.cloud:6443",
              "token": "OZui8uS5c9qB8gsVXnxdh3FkrijVYmhFEN9rm6OtYk9CFz02N7OigaOW"
            }
          },
          "sensitive_attributes": [
            [
              {
                "type": "get_attr",
                "value": "triggers"
              },
              {
                "type": "index",
                "value": {
                  "value": "cluster_ca_certificate",
                  "type": "string"
                }
              }
            ],
            [
              {
                "type": "get_attr",
                "value": "triggers"
              },
              {
                "type": "index",
                "value": {
                  "value": "host",
                  "type": "string"
                }
              }
            ],
            [
              {
                "type": "get_attr",
                "value": "triggers"
              },
              {
                "type": "index",
                "value": {
                  "value": "token",
                  "type": "string"
                }
              }
            ]
          ],
          "identity_schema_version": 0,
          "dependencies": [
            "scaleway_k8s_cluster.cluster",
            "scaleway_k8s_pool.pool",
            "scaleway_vpc.main",
            "scaleway_vpc_private_network.main"
          ]
        }
      ]
    },
    {
      "mode": "managed",
      "type": "scaleway_k8s_cluster",
      "name": "cluster",
      "provider": "provider[\"registry.terraform.io/scaleway/scaleway\"]",
      "instances": [
        {
          "schema_version": 0,
          "attributes": {
            "admission_plugins": [],
            "apiserver_cert_sans": [],
            "apiserver_url": "https://7430e422-3137-4b41-be1b-5090a0233e7e.api.k8s.fr-par.scw.cloud:6443",
            "auto_upgrade": [
              {
                "enable": false,
                "maintenance_window_day": "any",
                "maintenance_window_start_hour": 0
              }
            ],
            "autoscaler_config": [
              {
                "balance_similar_node_groups": false,
                "disable_scale_down": false,
                "estimator": "binpacking",
                "expander": "random",
                "expendable_pods_priority_cutoff": 0,
                "ignore_daemonsets_utilization": false,
                "max_graceful_termination_sec": 0,
                "scale_down_delay_after_add": "10m",
                "scale_down_unneeded_time": "10m",
                "scale_down_utilization_threshold": 0.5
              }
            ],
            "cni": "cilium",
            "created_at": "2025-08-31T16:38:40Z",
            "delete_additional_resources": false,
            "description": "",
            "feature_gates": [],
            "id": "fr-par/7430e422-3137-4b41-be1b-5090a0233e7e",
            "kubeconfig": [
              {
                "cluster_ca_certificate": "LS0tLS1CRUdJTiBDRVJUSUZJQ0FURS0tLS0tCk1JSUM1ekNDQWMrZ0F3SUJBZ0lCQURBTkJna3Foa2lHOXcwQkFRc0ZBREFWTVJNd0VRWURWUVFERXdwcmRXSmwKY201bGRHVnpNQjRYRFRJMU1EZ3pNREUyTXpnME1Gb1hEVE0xTURnek1ERTJNemcwTUZvd0ZURVRNQkVHQTFVRQpBeE1LYTNWaVpYSnVaWFJsY3pDQ0FTSXdEUVlKS29aSWh2Y05BUUVCQlFBRGdnRVBBRENDQVFvQ2dnRUJBTy85CjBod081WERxYWxmcEFDaERza3pocWVMeEZmeVUvR2txYUgxQjlyYTJhRzhaMTV4eERYeE9WSGdOWVB2czMwYTQKMjVvQ29uTkVncjJ2cmN1Rnl1TmxTaWVwWkRYRXpVMjlESmhKb25qYkJFT1JxcE8zQmZpeGhIUXJaY0JPMk1FMAovYWUzUHJiQkYzUlVkYVFSeStNY29FODhXSDd4VVZ4aHlCMU1vTnJOMnMrWjVvVGhRYUp2WENFYTFmRWdyOUk2CmV1ZnRDbjJrNVpnWjFnTUNlVTFHbTJEQzB4K2R1MStoMkNxL2dCMmtjZk5OQWkrQmpkb1pTTUI3d3cyNVZFVFYKUnp6eGVqb0xnWm5WbFkxekhtSHpwYStNY2VLL01GVDVEemg0R3Rrcjk1UHdlOXdnZFlwUHplb2RUd282ZnB3TApPcXhIOUpQMHlTSDZtNVFZU1ZrQ0F3RUFBYU5DTUVBd0RnWURWUjBQQVFIL0JBUURBZ0trTUE4R0ExVWRFd0VCCi93UUZNQU1CQWY4d0hRWURWUjBPQkJZRUZDWlR2TlVUakx2bzVzRkpNbDFhR2xnTS9tbFlNQTBHQ1NxR1NJYjMKRFFFQkN3VUFBNElCQVFEVC9aMEJGbzRYVzlZQ2k3NHUzL2tsb1d4eHYvSWd2T2NMam9LREIxejh2cGVXTTc0MAo2UE9EQU0zSFlwc3l1VFFFcVRxNVEwbTBpaXJoQlZZRXdKc1lpTjIzbTBxU0pFRThuc2ptRWxSZlA5SmtNeTZxCnQzSzhEb1ZxSUg5SjFvVTJUS3hoZ3RVblBtNGIwRHZrY0luSXZFNkh5andIQWVpTERjN2dLaERYcW4zbUx5d1AKU3JSU3NyUWk1ZVREaThBWHgxVnd3Vy9neGg0M0tidGg4YTdnZ3crK2RVbzRZWDYrMWVidEJiU0FpWklzN1VOdwpCUXFzWVRudzI5dVdxc1RCWDQ0UWJQdWs0b0U4V2pscEJPQ2lkcGdJREhWNWJwK0R2bzVjTzBMWm12Rm9ycVhUClhQZFgzaEw3NnFMVGRMSVpDWmt3S2t6VkhHVi9CYkpHWnUzYQotLS0tLUVORCBDRVJUSUZJQ0FURS0tLS0tCg==",
                "config_file": "apiVersion: v1\nclusters:\n- name: \"grp-4\"\n  cluster:\n    certificate-authority-data: LS0tLS1CRUdJTiBDRVJUSUZJQ0FURS0tLS0tCk1JSUM1ekNDQWMrZ0F3SUJBZ0lCQURBTkJna3Foa2lHOXcwQkFRc0ZBREFWTVJNd0VRWURWUVFERXdwcmRXSmwKY201bGRHVnpNQjRYRFRJMU1EZ3pNREUyTXpnME1Gb1hEVE0xTURnek1ERTJNemcwTUZvd0ZURVRNQkVHQTFVRQpBeE1LYTNWaVpYSnVaWFJsY3pDQ0FTSXdEUVlKS29aSWh2Y05BUUVCQlFBRGdnRVBBRENDQVFvQ2dnRUJBTy85CjBod081WERxYWxmcEFDaERza3pocWVMeEZmeVUvR2txYUgxQjlyYTJhRzhaMTV4eERYeE9WSGdOWVB2czMwYTQKMjVvQ29uTkVncjJ2cmN1Rnl1TmxTaWVwWkRYRXpVMjlESmhKb25qYkJFT1JxcE8zQmZpeGhIUXJaY0JPMk1FMAovYWUzUHJiQkYzUlVkYVFSeStNY29FODhXSDd4VVZ4aHlCMU1vTnJOMnMrWjVvVGhRYUp2WENFYTFmRWdyOUk2CmV1ZnRDbjJrNVpnWjFnTUNlVTFHbTJEQzB4K2R1MStoMkNxL2dCMmtjZk5OQWkrQmpkb1pTTUI3d3cyNVZFVFYKUnp6eGVqb0xnWm5WbFkxekhtSHpwYStNY2VLL01GVDVEemg0R3Rrcjk1UHdlOXdnZFlwUHplb2RUd282ZnB3TApPcXhIOUpQMHlTSDZtNVFZU1ZrQ0F3RUFBYU5DTUVBd0RnWURWUjBQQVFIL0JBUURBZ0trTUE4R0ExVWRFd0VCCi93UUZNQU1CQWY4d0hRWURWUjBPQkJZRUZDWlR2TlVUakx2bzVzRkpNbDFhR2xnTS9tbFlNQTBHQ1NxR1NJYjMKRFFFQkN3VUFBNElCQVFEVC9aMEJGbzRYVzlZQ2k3NHUzL2tsb1d4eHYvSWd2T2NMam9LREIxejh2cGVXTTc0MAo2UE9EQU0zSFlwc3l1VFFFcVRxNVEwbTBpaXJoQlZZRXdKc1lpTjIzbTBxU0pFRThuc2ptRWxSZlA5SmtNeTZxCnQzSzhEb1ZxSUg5SjFvVTJUS3hoZ3RVblBtNGIwRHZrY0luSXZFNkh5andIQWVpTERjN2dLaERYcW4zbUx5d1AKU3JSU3NyUWk1ZVREaThBWHgxVnd3Vy9neGg0M0tidGg4YTdnZ3crK2RVbzRZWDYrMWVidEJiU0FpWklzN1VOdwpCUXFzWVRudzI5dVdxc1RCWDQ0UWJQdWs0b0U4V2pscEJPQ2lkcGdJREhWNWJwK0R2bzVjTzBMWm12Rm9ycVhUClhQZFgzaEw3NnFMVGRMSVpDWmt3S2t6VkhHVi9CYkpHWnUzYQotLS0tLUVORCBDRVJUSUZJQ0FURS0tLS0tCg==\n    server: https://7430e422-3137-4b41-be1b-5090a0233e7e.api.k8s.fr-par.scw.cloud:6443\ncontexts:\n- name: admin@grp-4\n  context:\n    cluster: \"grp-4\"\n    user: grp-4-admin\ncurrent-context: admin@grp-4\nkind: Config\npreferences: {}\nusers:\n- name: grp-4-admin\n  user:\n    token: OZui8uS5c9qB8gsVXnxdh3FkrijVYmhFEN9rm6OtYk9CFz02N7OigaOW",
                "host": "https://7430e422-3137-4b41-be1b-5090a0233e7e.api.k8s.fr-par.scw.cloud:6443",
                "token": "OZui8uS5c9qB8gsVXnxdh3FkrijVYmhFEN9rm6OtYk9CFz02N7OigaOW"
              }
            ],
            "name": "grp-4",
            "open_id_connect_config": [
              {
                "client_id": "",
                "groups_claim": [],
                "groups_prefix": "",
                "issuer_url": "",
                "required_claim": [],
                "username_claim": "",
                "username_prefix": ""
              }
            ],
            "organization_id": "b5408fa8-956a-42bc-80d5-a1d3eb031f4c",
            "private_network_id": "dec5d2f4-9570-4833-a75c-c342972ca0b4",
            "project_id": "af37e4fc-e172-4e7b-807d-932ea1afe8dd",
            "region": "fr-par",
            "status": "ready",
            "tags": [
              "grp-4-cluster"
            ],
            "timeouts": null,
            "type": "kapsule",
            "updated_at": "2025-08-31T16:40:22Z",
            "upgrade_available": true,
            "version": "1.32.3",
            "wildcard_dns": "*.7430e422-3137-4b41-be1b-5090a0233e7e.nodes.k8s.fr-par.scw.cloud"
          },
          "sensitive_attributes": [
            [
              {
                "type": "get_attr",
                "value": "kubeconfig"
              }
            ]
          ],
          "identity_schema_version": 0,
          "private": "eyJlMmJmYjczMC1lY2FhLTExZTYtOGY4OC0zNDM2M2JjN2M0YzAiOnsiY3JlYXRlIjo5MDAwMDAwMDAwMDAsImRlZmF1bHQiOjkwMDAwMDAwMDAwMCwiZGVsZXRlIjo5MDAwMDAwMDAwMDAsInJlYWQiOjkwMDAwMDAwMDAwMCwidXBkYXRlIjo5MDAwMDAwMDAwMDB9fQ==",
          "dependencies": [
            "scaleway_vpc.main",
            "scaleway_vpc_private_network.main"
          ]
        }
      ]
    },
    {
      "mode": "managed",
      "type": "scaleway_k8s_pool",
      "name": "pool",
      "provider": "provider[\"registry.terraform.io/scaleway/scaleway\"]",
      "instances": [
        {
          "schema_version": 0,
          "attributes": {
            "autohealing": true,
            "autoscaling": true,
            "cluster_id": "fr-par/7430e422-3137-4b41-be1b-5090a0233e7e",
            "container_runtime": "containerd",
            "created_at": "2025-08-31T16:38:46Z",
            "current_size": 1,
            "id": "fr-par/1e74b642-ef87-426b-a74f-a2e4643f0b95",
            "kubelet_args": {},
            "max_size": 1,
            "min_size": 1,
            "name": "grp-4-pool-1",
            "node_type": "dev1_m",
            "nodes": [
              {
                "id": "befa3112-31f5-4f04-afce-0c6e4c2af39e",
                "name": "scw-grp-4-grp-4-pool-1-befa311231f54f04afce0c6",
                "private_ips": [
                  {
                    "address": "fd5d:6059:56c1:b259:308b:cfb:3876:7de",
                    "id": "fr-par/29a27c0a-4208-4165-9051-f1be9f1913b8"
                  },
                  {
                    "address": "172.16.12.3",
                    "id": "fr-par/2304ab38-9c96-4df0-b1a0-1739f2550d0d"
                  }
                ],
                "public_ip": "51.159.135.154",
                "public_ip_v6": "",
                "status": "ready"
              }
            ],
            "placement_group_id": null,
            "public_ip_disabled": false,
            "region": "fr-par",
            "root_volume_size_in_gb": 40,
            "root_volume_type": "l_ssd",
            "security_group_id": "f1324f73-eef3-4674-889d-22a65d206ce5",
            "size": 1,
            "status": "ready",
            "tags": [
              "grp-4-pool"
            ],
            "timeouts": null,
            "updated_at": "2025-08-31T16:45:44Z",
            "upgrade_policy": [
              {
                "max_surge": 0,
                "max_unavailable": 1
              }
            ],
            "version": "1.32.3",
            "wait_for_pool_ready": true,
            "zone": "fr-par-2"
          },
          "sensitive_attributes": [],
          "identity_schema_version": 0,
          "private": "eyJlMmJmYjczMC1lY2FhLTExZTYtOGY4OC0zNDM2M2JjN2M0YzAiOnsiY3JlYXRlIjoxODAwMDAwMDAwMDAwLCJkZWZhdWx0IjoxODAwMDAwMDAwMDAwLCJkZWxldGUiOjE4MDAwMDAwMDAwMDAsInJlYWQiOjE4MDAwMDAwMDAwMDAsInVwZGF0ZSI6MTgwMDAwMDAwMDAwMH19",
          "dependencies": [
            "scaleway_k8s_cluster.cluster",
            "scaleway_vpc.main",
            "scaleway_vpc_private_network.main"
          ]
        }
      ]
    },
    {
      "mode": "managed",
      "type": "scaleway_vpc",
      "name": "main",
      "provider": "provider[\"registry.terraform.io/scaleway/scaleway\"]",
      "instances": [
        {
          "schema_version": 0,
          "attributes": {
            "created_at": "2025-08-31T16:38:39Z",
            "enable_custom_routes_propagation": true,
            "enable_routing": true,
            "id": "fr-par/b25be7a1-449d-4852-a48d-832933c2c93a",
            "is_default": false,
            "name": "grp-4-kubernetes-vpc",
            "organization_id": "b5408fa8-956a-42bc-80d5-a1d3eb031f4c",
            "project_id": "af37e4fc-e172-4e7b-807d-932ea1afe8dd",
            "region": "fr-par",
            "tags": [
              "grp-4-vpc"
            ],
            "updated_at": "2025-08-31T16:38:39Z"
          },
          "sensitive_attributes": [],
          "identity_schema_version": 0,
          "private": "bnVsbA=="
        }
      ]
    },
    {
      "mode": "managed",
      "type": "scaleway_vpc_private_network",
      "name": "main",
      "provider": "provider[\"registry.terraform.io/scaleway/scaleway\"]",
      "instances": [
        {
          "schema_version": 1,
          "attributes": {
            "created_at": "2025-08-31T16:38:39Z",
            "enable_default_route_propagation": false,
            "id": "fr-par/dec5d2f4-9570-4833-a75c-c342972ca0b4",
            "ipv4_subnet": [
              {
                "address": "172.16.12.0",
                "created_at": "2025-08-31T16:38:39Z",
                "id": "823cf897-f646-4e25-838c-42ed6c5ea5f8",
                "prefix_length": 22,
                "subnet": "172.16.12.0/22",
                "subnet_mask": "255.255.252.0",
                "updated_at": "2025-08-31T16:38:39Z"
              }
            ],
            "ipv6_subnets": [
              {
                "address": "fd5d:6059:56c1:b259::",
                "created_at": "2025-08-31T16:38:39Z",
                "id": "e8519757-2dcf-4a5c-9592-2968de53a696",
                "prefix_length": 64,
                "subnet": "fd5d:6059:56c1:b259::/64",
                "subnet_mask": "255.255.255.255.255.255.255.255.0.0.0.0.0.0.0.0",
                "updated_at": "2025-08-31T16:38:39Z"
              }
            ],
            "is_regional": true,
            "name": "grp-4-private-network",
            "organization_id": "b5408fa8-956a-42bc-80d5-a1d3eb031f4c",
            "project_id": "af37e4fc-e172-4e7b-807d-932ea1afe8dd",
            "region": "fr-par",
            "tags": [
              "grp-4-private-network"
            ],
            "updated_at": "2025-08-31T16:38:39Z",
            "vpc_id": "fr-par/b25be7a1-449d-4852-a48d-832933c2c93a",
            "zone": "fr-par-2"
          },
          "sensitive_attributes": [],
          "identity_schema_version": 0,
          "private": "eyJzY2hlbWFfdmVyc2lvbiI6IjEifQ==",
          "dependencies": [
            "scaleway_vpc.main"
          ]
        }
      ]
    }
  ],
  "check_results": null
}
