{
  "version": 4,
  "terraform_version": "1.12.2",
  "serial": 62,
  "lineage": "c2cd26c2-16f1-19b5-cb4d-b3cd4318b9b5",
  "outputs": {},
  "resources": [
    {
      "mode": "data",
      "type": "scaleway_domain_zone",
      "name": "main",
      "provider": "provider[\"registry.terraform.io/scaleway/scaleway\"]",
      "instances": [
        {
          "schema_version": 0,
          "attributes": {
            "domain": "slashops.fr",
            "id": "grp-4.esgi.slashops.fr",
            "message": "",
            "ns": [
              "ns0.dom.scw.cloud",
              "ns1.dom.scw.cloud"
            ],
            "ns_default": [
              "ns0.dom.scw.cloud",
              "ns1.dom.scw.cloud"
            ],
            "ns_master": [],
            "project_id": "af37e4fc-e172-4e7b-807d-932ea1afe8dd",
            "status": "active",
            "subdomain": "grp-4.esgi",
            "updated_at": "2025-07-18 13:04:17 +0000 UTC"
          },
          "sensitive_attributes": [],
          "identity_schema_version": 0
        }
      ]
    },
    {
      "mode": "managed",
      "type": "helm_release",
      "name": "nginx_ingress",
      "provider": "provider[\"registry.terraform.io/hashicorp/helm\"]",
      "instances": [
        {
          "schema_version": 2,
          "attributes": {
            "atomic": false,
            "chart": "ingress-nginx",
            "cleanup_on_fail": false,
            "create_namespace": false,
            "dependency_update": false,
            "description": null,
            "devel": null,
            "disable_crd_hooks": false,
            "disable_openapi_validation": false,
            "disable_webhooks": false,
            "force_update": false,
            "id": "grp-4-nginx-ingress",
            "keyring": null,
            "lint": false,
            "manifest": null,
            "max_history": 0,
            "metadata": {
              "app_version": "1.13.0",
              "chart": "ingress-nginx",
              "first_deployed": 1752835865,
              "last_deployed": 1752835865,
              "name": "grp-4-nginx-ingress",
              "namespace": "kube-system",
              "notes": "The ingress-nginx controller has been installed.\nIt may take a few minutes for the load balancer IP to be available.\nYou can watch the status by running 'kubectl get service --namespace kube-system grp-4-nginx-ingress-ingress-nginx-controller --output wide --watch'\n\nAn example Ingress that makes use of the controller:\n  apiVersion: networking.k8s.io/v1\n  kind: Ingress\n  metadata:\n    name: example\n    namespace: foo\n  spec:\n    ingressClassName: nginx\n    rules:\n      - host: www.example.com\n        http:\n          paths:\n            - pathType: Prefix\n              backend:\n                service:\n                  name: exampleService\n                  port:\n                    number: 80\n              path: /\n    # This section is only required if TLS is to be enabled for the Ingress\n    tls:\n      - hosts:\n        - www.example.com\n        secretName: example-tls\n\nIf TLS is enabled for the Ingress, a Secret containing the certificate and key must also be provided:\n\n  apiVersion: v1\n  kind: Secret\n  metadata:\n    name: example-tls\n    namespace: foo\n  data:\n    tls.crt: \u003cbase64 encoded cert\u003e\n    tls.key: \u003cbase64 encoded key\u003e\n  type: kubernetes.io/tls\n",
              "revision": 1,
              "values": "{\"controller\":{\"config\":{\"use-proxy-protocol\":true},\"service\":{\"annotations\":{\"service.beta.kubernetes.io/scw-loadbalancer-proxy-protocol-v2\":true,\"service.beta.kubernetes.io/scw-loadbalancer-zone\":\"fr-par-2\"},\"externalTrafficPolicy\":\"Local\",\"loadBalancerIP\":\"51.159.85.51\"}}}",
              "version": "4.13.0"
            },
            "name": "grp-4-nginx-ingress",
            "namespace": "kube-system",
            "pass_credentials": false,
            "postrender": null,
            "recreate_pods": false,
            "render_subchart_notes": true,
            "replace": false,
            "repository": "https://kubernetes.github.io/ingress-nginx",
            "repository_ca_file": null,
            "repository_cert_file": null,
            "repository_key_file": null,
            "repository_password": null,
            "repository_username": null,
            "reset_values": false,
            "reuse_values": false,
            "set": [
              {
                "name": "controller.service.loadBalancerIP",
                "type": "",
                "value": "51.159.85.51"
              },
              {
                "name": "controller.config.use-proxy-protocol",
                "type": "",
                "value": "true"
              },
              {
                "name": "controller.service.annotations.service\\.beta\\.kubernetes\\.io/scw-loadbalancer-proxy-protocol-v2",
                "type": "",
                "value": "true"
              },
              {
                "name": "controller.service.annotations.service\\.beta\\.kubernetes\\.io/scw-loadbalancer-zone",
                "type": "",
                "value": "fr-par-2"
              },
              {
                "name": "controller.service.externalTrafficPolicy",
                "type": "",
                "value": "Local"
              }
            ],
            "set_list": null,
            "set_sensitive": null,
            "set_wo": null,
            "set_wo_revision": null,
            "skip_crds": false,
            "status": "deployed",
            "timeout": 300,
            "values": null,
            "verify": false,
            "version": "4.13.0",
            "wait": true,
            "wait_for_jobs": false
          },
          "sensitive_attributes": [
            [
              {
                "type": "get_attr",
                "value": "repository_password"
              }
            ]
          ],
          "identity_schema_version": 0,
          "identity": {
            "namespace": "kube-system",
            "release_name": "grp-4-nginx-ingress"
          },
          "dependencies": [
            "null_resource.kubeconfig",
            "scaleway_k8s_cluster.cluster",
            "scaleway_k8s_pool.pool",
            "scaleway_lb_ip.nginx_ip",
            "scaleway_vpc.main",
            "scaleway_vpc_private_network.main"
          ]
        }
      ]
    },
    {
      "mode": "managed",
      "type": "helm_release",
      "name": "wordpress",
      "provider": "provider[\"registry.terraform.io/hashicorp/helm\"]",
      "instances": [
        {
          "schema_version": 2,
          "attributes": {
            "atomic": false,
            "chart": "wordpress",
            "cleanup_on_fail": false,
            "create_namespace": false,
            "dependency_update": false,
            "description": null,
            "devel": null,
            "disable_crd_hooks": false,
            "disable_openapi_validation": false,
            "disable_webhooks": false,
            "force_update": false,
            "id": "grp-4-wordpress",
            "keyring": null,
            "lint": false,
            "manifest": null,
            "max_history": 0,
            "metadata": {
              "app_version": "6.8.2",
              "chart": "wordpress",
              "first_deployed": 1752847855,
              "last_deployed": 1752847855,
              "name": "grp-4-wordpress",
              "namespace": "kube-system",
              "notes": "CHART NAME: wordpress\nCHART VERSION: 25.0.3\nAPP VERSION: 6.8.2\n\nDid you know there are enterprise versions of the Bitnami catalog? For enhanced secure software supply chain features, unlimited pulls from Docker, LTS support, or application customization, see Bitnami Premium or Tanzu Application Catalog. See https://www.arrow.com/globalecs/na/vendors/bitnami for more information.\n\n** Please be patient while the chart is being deployed **\n\nYour WordPress site can be accessed through the following DNS name from within your cluster:\n\n    grp-4-wordpress.kube-system.svc.cluster.local (port 80)\n\nTo access your WordPress site from outside the cluster follow the steps below:\n\n1. Get the WordPress URL and associate WordPress hostname to your cluster external IP:\n\n   export CLUSTER_IP=$(minikube ip) # On Minikube. Use: `kubectl cluster-info` on others K8s clusters\n   echo \"WordPress URL: http://grp-4.esgi.slashops.fr/\"\n   echo \"$CLUSTER_IP  grp-4.esgi.slashops.fr\" | sudo tee -a /etc/hosts\n\n2. Open a browser and access WordPress using the obtained URL.\n\n3. Login with the following credentials below to see your blog:\n\n  echo Username: admin\n  echo Password: $(kubectl get secret --namespace kube-system grp-4-wordpress -o jsonpath=\"{.data.wordpress-password}\" | base64 -d)\n\nCHART NAME: mariadb\nCHART VERSION: 21.0.0\nAPP VERSION: 11.8.2\n\nDid you know there are enterprise versions of the Bitnami catalog? For enhanced secure software supply chain features, unlimited pulls from Docker, LTS support, or application customization, see Bitnami Premium or Tanzu Application Catalog. See https://www.arrow.com/globalecs/na/vendors/bitnami for more information.\n\n** Please be patient while the chart is being deployed **\n\nTip:\n\n  Watch the deployment status using the command: kubectl get pods -w --namespace kube-system -l app.kubernetes.io/instance=grp-4-wordpress\n\nServices:\n\n  echo Primary: grp-4-wordpress-mariadb.kube-system.svc.cluster.local:3306\n\nAdministrator credentials:\n\n  Username: root\n  Password : $(kubectl get secret --namespace kube-system grp-4-wordpress-mariadb -o jsonpath=\"{.data.mariadb-root-password}\" | base64 -d)\n\nTo connect to your database:\n\n  1. Run a pod that you can use as a client:\n\n      kubectl run grp-4-wordpress-mariadb-client --rm --tty -i --restart='Never' --image  docker.io/bitnami/mariadb:11.8.2-debian-12-r0 --namespace kube-system --command -- bash\n\n  2. To connect to primary service (read/write):\n\n      mysql -h grp-4-wordpress-mariadb.kube-system.svc.cluster.local -uroot -p wordpress\n\nTo upgrade this helm chart:\n\n  1. Obtain the password as described on the 'Administrator credentials' section and set the 'auth.rootPassword' parameter as shown below:\n\n      ROOT_PASSWORD=$(kubectl get secret --namespace kube-system grp-4-wordpress-mariadb -o jsonpath=\"{.data.mariadb-root-password}\" | base64 -d)\n      helm upgrade --namespace kube-system grp-4-wordpress oci://registry-1.docker.io/bitnamicharts/mariadb --set auth.rootPassword=$ROOT_PASSWORD\n\nWARNING: There are \"resources\" sections in the chart not set. Using \"resourcesPreset\" is not recommended for production. For production installations, please set the following values according to your workload needs:\n  - primary.resources\n  - secondary.resources\n+info https://kubernetes.io/docs/concepts/configuration/manage-resources-containers/\n",
              "revision": 1,
              "values": "{\"ingress\":{\"enabled\":true,\"hostname\":\"grp-4.esgi.slashops.fr\",\"ingressClassName\":\"nginx\"},\"mariadb\":{\"auth\":{\"database\":\"wordpress\",\"password\":\"WordPressDBPassword123!\",\"username\":\"wordpress\"},\"enabled\":true,\"primary\":{\"persistence\":{\"enabled\":true,\"size\":\"8Gi\"}}},\"persistence\":{\"enabled\":true,\"size\":\"10Gi\"},\"resources\":{\"limits\":{\"cpu\":\"500m\",\"memory\":\"1Gi\"},\"requests\":{\"cpu\":\"300m\",\"memory\":\"512Mi\"}},\"service\":{\"type\":\"ClusterIP\"},\"wordpressBlogName\":\"Groupe 4 ESGI WordPress\",\"wordpressEmail\":\"admin@grp-4.esgi.slashops.fr\",\"wordpressFirstName\":\"Admin\",\"wordpressLastName\":\"GRP4\",\"wordpressPassword\":\"SecurePassword123!\",\"wordpressUsername\":\"admin\"}",
              "version": "25.0.3"
            },
            "name": "grp-4-wordpress",
            "namespace": "kube-system",
            "pass_credentials": false,
            "postrender": null,
            "recreate_pods": false,
            "render_subchart_notes": true,
            "replace": false,
            "repository": "https://charts.bitnami.com/bitnami",
            "repository_ca_file": null,
            "repository_cert_file": null,
            "repository_key_file": null,
            "repository_password": null,
            "repository_username": null,
            "reset_values": false,
            "reuse_values": false,
            "set": [
              {
                "name": "service.type",
                "type": "",
                "value": "ClusterIP"
              },
              {
                "name": "ingress.enabled",
                "type": "",
                "value": "true"
              },
              {
                "name": "ingress.ingressClassName",
                "type": "",
                "value": "nginx"
              },
              {
                "name": "ingress.hostname",
                "type": "",
                "value": "grp-4.esgi.slashops.fr"
              },
              {
                "name": "wordpressUsername",
                "type": "",
                "value": "admin"
              },
              {
                "name": "wordpressPassword",
                "type": "",
                "value": "SecurePassword123!"
              },
              {
                "name": "wordpressEmail",
                "type": "",
                "value": "admin@grp-4.esgi.slashops.fr"
              },
              {
                "name": "wordpressFirstName",
                "type": "",
                "value": "Admin"
              },
              {
                "name": "wordpressLastName",
                "type": "",
                "value": "GRP4"
              },
              {
                "name": "wordpressBlogName",
                "type": "",
                "value": "Groupe 4 ESGI WordPress"
              },
              {
                "name": "mariadb.enabled",
                "type": "",
                "value": "true"
              },
              {
                "name": "mariadb.auth.database",
                "type": "",
                "value": "wordpress"
              },
              {
                "name": "mariadb.auth.username",
                "type": "",
                "value": "wordpress"
              },
              {
                "name": "mariadb.auth.password",
                "type": "",
                "value": "WordPressDBPassword123!"
              },
              {
                "name": "mariadb.primary.persistence.enabled",
                "type": "",
                "value": "true"
              },
              {
                "name": "mariadb.primary.persistence.size",
                "type": "",
                "value": "8Gi"
              },
              {
                "name": "persistence.enabled",
                "type": "",
                "value": "true"
              },
              {
                "name": "persistence.size",
                "type": "",
                "value": "10Gi"
              },
              {
                "name": "resources.requests.memory",
                "type": "",
                "value": "512Mi"
              },
              {
                "name": "resources.requests.cpu",
                "type": "",
                "value": "300m"
              },
              {
                "name": "resources.limits.memory",
                "type": "",
                "value": "1Gi"
              },
              {
                "name": "resources.limits.cpu",
                "type": "",
                "value": "500m"
              }
            ],
            "set_list": null,
            "set_sensitive": null,
            "set_wo": null,
            "set_wo_revision": null,
            "skip_crds": false,
            "status": "deployed",
            "timeout": 300,
            "values": null,
            "verify": false,
            "version": "25.0.3",
            "wait": true,
            "wait_for_jobs": false
          },
          "sensitive_attributes": [
            [
              {
                "type": "get_attr",
                "value": "repository_password"
              }
            ]
          ],
          "identity_schema_version": 0,
          "identity": {
            "namespace": "kube-system",
            "release_name": "grp-4-wordpress"
          },
          "dependencies": [
            "data.scaleway_domain_zone.main",
            "helm_release.nginx_ingress",
            "null_resource.kubeconfig",
            "scaleway_k8s_cluster.cluster",
            "scaleway_k8s_pool.pool",
            "scaleway_lb_ip.nginx_ip",
            "scaleway_vpc.main",
            "scaleway_vpc_private_network.main"
          ]
        }
      ]
    },
    {
      "mode": "managed",
      "type": "null_resource",
      "name": "kubeconfig",
      "provider": "provider[\"registry.terraform.io/hashicorp/null\"]",
      "instances": [
        {
          "schema_version": 0,
          "attributes": {
            "id": "7547517124225118632",
            "triggers": {
              "cluster_ca_certificate": "LS0tLS1CRUdJTiBDRVJUSUZJQ0FURS0tLS0tCk1JSUM1ekNDQWMrZ0F3SUJBZ0lCQURBTkJna3Foa2lHOXcwQkFRc0ZBREFWTVJNd0VRWURWUVFERXdwcmRXSmwKY201bGRHVnpNQjRYRFRJMU1EY3hOekV3TURnMU4xb1hEVE0xTURjeE56RXdNRGcxTjFvd0ZURVRNQkVHQTFVRQpBeE1LYTNWaVpYSnVaWFJsY3pDQ0FTSXdEUVlKS29aSWh2Y05BUUVCQlFBRGdnRVBBRENDQVFvQ2dnRUJBS09TCkpLaERXUCtvbUxZYmlZK2FmcUdZdndkNXc2WVdxV042QmVEa0pGSjgzTzk1RkNLOVJON2hpQ2pUK0hEZjlCZUwKS2pUZ25lWkNEeVhsdkUwRm5lUjZFdUtrNGd3SmJFRkFvL3VXWHdGWVFzOWQrQmZxeEZCVjFsMlFMSVp1SWNaUApPb3lZTGd0dFBnODBUWUlyOEJ1a1BwRTN0OFA3aGtIeXNUeEF2Q201NUQ3TnhXaTMwNFNQZjFJQkVmZlRQQjN4CmpCZnBJUUhiNjRoakYrZmJHZzc3bU5ldDd1eEJLeHpPNExoSlUwa3h6NGxRWWNUU21iTEZmMDJuZmVhL0UrNVgKNXBNeFU2M25Oa1JnZnkwNlpBVmtkc1FkMHJCWk5KV1JJQ1BZV0hUZjZRL1FtbmNwbHdSakRMT1NaZWpuU0NrTQpqcStWRHRhR1Vld3QweVQzSzJVQ0F3RUFBYU5DTUVBd0RnWURWUjBQQVFIL0JBUURBZ0trTUE4R0ExVWRFd0VCCi93UUZNQU1CQWY4d0hRWURWUjBPQkJZRUZNeVBZOG9naEhoNGdIdEs0STBIKy9pbFFBakJNQTBHQ1NxR1NJYjMKRFFFQkN3VUFBNElCQVFBY01jTHBkVEJsMGlDMk9mTGVpYXdRci9QczkyQk1HNE95RDlnd0JHbmZDSmkvMHZ2UAphcnQ2MmxSNEg4NDlZNmhwZWJiQWlNc0VMS1NBcWNFRVhsb0VyOFNsYWlpM1NmMTBLMlEwc0pTcWNwSjZVTyttCms5Qzlaa1Y2OHk4bW85bDExUEZLaDZnZUlweEs0dmdXVVFPT0hsQkdtN044ZHZpVkFoTWQvT2U4SDBHQ3RmSHIKTFhDVUhEa09YNXAxVytPSC9hZDNFOVF3aGZTZ1FCTkFqUy9yYzQ2alorZUk3NG1LbTI4M20xaVExMHZHR0owMApGSUNIMytUbU1FZm41MitVWktEWnZLbmluUkN3QytDcE5rdXhPMmVaSk1pQk85cDJKb1JJQzFFUmlqQVZ6Q21TCkJOaXdGNXhsUHZPczhYRXd5UnBPalpLMC91SkMyNEVpSEZnNgotLS0tLUVORCBDRVJUSUZJQ0FURS0tLS0tCg==",
              "host": "https://20986b76-09e2-492a-920d-0370dbcbe669.api.k8s.fr-par.scw.cloud:6443",
              "token": "rJHgavOedHeqf4BjbnzdDinAZ7DByEzhTJOr7GfFTRJjIRDt5tC22K4u"
            }
          },
          "sensitive_attributes": [
            [
              {
                "type": "get_attr",
                "value": "triggers"
              },
              {
                "type": "index",
                "value": {
                  "value": "cluster_ca_certificate",
                  "type": "string"
                }
              }
            ],
            [
              {
                "type": "get_attr",
                "value": "triggers"
              },
              {
                "type": "index",
                "value": {
                  "value": "host",
                  "type": "string"
                }
              }
            ],
            [
              {
                "type": "get_attr",
                "value": "triggers"
              },
              {
                "type": "index",
                "value": {
                  "value": "token",
                  "type": "string"
                }
              }
            ]
          ],
          "identity_schema_version": 0,
          "dependencies": [
            "scaleway_k8s_cluster.cluster",
            "scaleway_k8s_pool.pool",
            "scaleway_vpc.main",
            "scaleway_vpc_private_network.main"
          ]
        }
      ]
    },
    {
      "mode": "managed",
      "type": "scaleway_domain_record",
      "name": "www",
      "provider": "provider[\"registry.terraform.io/scaleway/scaleway\"]",
      "instances": [
        {
          "schema_version": 0,
          "attributes": {
            "data": "51.159.85.51",
            "dns_zone": "grp-4.esgi.slashops.fr",
            "fqdn": "grp-4.esgi.slashops.fr",
            "geo_ip": [],
            "http_service": [],
            "id": "f0082dd4-2b5f-42c3-a9bd-5ed75bf633c4",
            "keep_empty_zone": false,
            "name": "",
            "priority": 0,
            "project_id": "af37e4fc-e172-4e7b-807d-932ea1afe8dd",
            "root_zone": false,
            "timeouts": null,
            "ttl": 3600,
            "type": "A",
            "view": [],
            "weighted": []
          },
          "sensitive_attributes": [],
          "identity_schema_version": 0,
          "private": "eyJlMmJmYjczMC1lY2FhLTExZTYtOGY4OC0zNDM2M2JjN2M0YzAiOnsiY3JlYXRlIjozMDAwMDAwMDAwMDAsImRlZmF1bHQiOjMwMDAwMDAwMDAwMCwiZGVsZXRlIjozMDAwMDAwMDAwMDAsInJlYWQiOjMwMDAwMDAwMDAwMCwidXBkYXRlIjozMDAwMDAwMDAwMDB9fQ==",
          "dependencies": [
            "data.scaleway_domain_zone.main",
            "scaleway_lb_ip.nginx_ip"
          ]
        }
      ]
    },
    {
      "mode": "managed",
      "type": "scaleway_k8s_cluster",
      "name": "cluster",
      "provider": "provider[\"registry.terraform.io/scaleway/scaleway\"]",
      "instances": [
        {
          "schema_version": 0,
          "attributes": {
            "admission_plugins": [],
            "apiserver_cert_sans": [],
            "apiserver_url": "https://20986b76-09e2-492a-920d-0370dbcbe669.api.k8s.fr-par.scw.cloud:6443",
            "auto_upgrade": [
              {
                "enable": false,
                "maintenance_window_day": "any",
                "maintenance_window_start_hour": 0
              }
            ],
            "autoscaler_config": [
              {
                "balance_similar_node_groups": false,
                "disable_scale_down": false,
                "estimator": "binpacking",
                "expander": "random",
                "expendable_pods_priority_cutoff": 0,
                "ignore_daemonsets_utilization": false,
                "max_graceful_termination_sec": 0,
                "scale_down_delay_after_add": "10m",
                "scale_down_unneeded_time": "10m",
                "scale_down_utilization_threshold": 0.5
              }
            ],
            "cni": "cilium",
            "created_at": "2025-07-18T10:08:56Z",
            "delete_additional_resources": false,
            "description": "",
            "feature_gates": [],
            "id": "fr-par/20986b76-09e2-492a-920d-0370dbcbe669",
            "kubeconfig": [
              {
                "cluster_ca_certificate": "LS0tLS1CRUdJTiBDRVJUSUZJQ0FURS0tLS0tCk1JSUM1ekNDQWMrZ0F3SUJBZ0lCQURBTkJna3Foa2lHOXcwQkFRc0ZBREFWTVJNd0VRWURWUVFERXdwcmRXSmwKY201bGRHVnpNQjRYRFRJMU1EY3hOekV3TURnMU4xb1hEVE0xTURjeE56RXdNRGcxTjFvd0ZURVRNQkVHQTFVRQpBeE1LYTNWaVpYSnVaWFJsY3pDQ0FTSXdEUVlKS29aSWh2Y05BUUVCQlFBRGdnRVBBRENDQVFvQ2dnRUJBS09TCkpLaERXUCtvbUxZYmlZK2FmcUdZdndkNXc2WVdxV042QmVEa0pGSjgzTzk1RkNLOVJON2hpQ2pUK0hEZjlCZUwKS2pUZ25lWkNEeVhsdkUwRm5lUjZFdUtrNGd3SmJFRkFvL3VXWHdGWVFzOWQrQmZxeEZCVjFsMlFMSVp1SWNaUApPb3lZTGd0dFBnODBUWUlyOEJ1a1BwRTN0OFA3aGtIeXNUeEF2Q201NUQ3TnhXaTMwNFNQZjFJQkVmZlRQQjN4CmpCZnBJUUhiNjRoakYrZmJHZzc3bU5ldDd1eEJLeHpPNExoSlUwa3h6NGxRWWNUU21iTEZmMDJuZmVhL0UrNVgKNXBNeFU2M25Oa1JnZnkwNlpBVmtkc1FkMHJCWk5KV1JJQ1BZV0hUZjZRL1FtbmNwbHdSakRMT1NaZWpuU0NrTQpqcStWRHRhR1Vld3QweVQzSzJVQ0F3RUFBYU5DTUVBd0RnWURWUjBQQVFIL0JBUURBZ0trTUE4R0ExVWRFd0VCCi93UUZNQU1CQWY4d0hRWURWUjBPQkJZRUZNeVBZOG9naEhoNGdIdEs0STBIKy9pbFFBakJNQTBHQ1NxR1NJYjMKRFFFQkN3VUFBNElCQVFBY01jTHBkVEJsMGlDMk9mTGVpYXdRci9QczkyQk1HNE95RDlnd0JHbmZDSmkvMHZ2UAphcnQ2MmxSNEg4NDlZNmhwZWJiQWlNc0VMS1NBcWNFRVhsb0VyOFNsYWlpM1NmMTBLMlEwc0pTcWNwSjZVTyttCms5Qzlaa1Y2OHk4bW85bDExUEZLaDZnZUlweEs0dmdXVVFPT0hsQkdtN044ZHZpVkFoTWQvT2U4SDBHQ3RmSHIKTFhDVUhEa09YNXAxVytPSC9hZDNFOVF3aGZTZ1FCTkFqUy9yYzQ2alorZUk3NG1LbTI4M20xaVExMHZHR0owMApGSUNIMytUbU1FZm41MitVWktEWnZLbmluUkN3QytDcE5rdXhPMmVaSk1pQk85cDJKb1JJQzFFUmlqQVZ6Q21TCkJOaXdGNXhsUHZPczhYRXd5UnBPalpLMC91SkMyNEVpSEZnNgotLS0tLUVORCBDRVJUSUZJQ0FURS0tLS0tCg==",
                "config_file": "apiVersion: v1\nclusters:\n- name: \"grp-4\"\n  cluster:\n    certificate-authority-data: LS0tLS1CRUdJTiBDRVJUSUZJQ0FURS0tLS0tCk1JSUM1ekNDQWMrZ0F3SUJBZ0lCQURBTkJna3Foa2lHOXcwQkFRc0ZBREFWTVJNd0VRWURWUVFERXdwcmRXSmwKY201bGRHVnpNQjRYRFRJMU1EY3hOekV3TURnMU4xb1hEVE0xTURjeE56RXdNRGcxTjFvd0ZURVRNQkVHQTFVRQpBeE1LYTNWaVpYSnVaWFJsY3pDQ0FTSXdEUVlKS29aSWh2Y05BUUVCQlFBRGdnRVBBRENDQVFvQ2dnRUJBS09TCkpLaERXUCtvbUxZYmlZK2FmcUdZdndkNXc2WVdxV042QmVEa0pGSjgzTzk1RkNLOVJON2hpQ2pUK0hEZjlCZUwKS2pUZ25lWkNEeVhsdkUwRm5lUjZFdUtrNGd3SmJFRkFvL3VXWHdGWVFzOWQrQmZxeEZCVjFsMlFMSVp1SWNaUApPb3lZTGd0dFBnODBUWUlyOEJ1a1BwRTN0OFA3aGtIeXNUeEF2Q201NUQ3TnhXaTMwNFNQZjFJQkVmZlRQQjN4CmpCZnBJUUhiNjRoakYrZmJHZzc3bU5ldDd1eEJLeHpPNExoSlUwa3h6NGxRWWNUU21iTEZmMDJuZmVhL0UrNVgKNXBNeFU2M25Oa1JnZnkwNlpBVmtkc1FkMHJCWk5KV1JJQ1BZV0hUZjZRL1FtbmNwbHdSakRMT1NaZWpuU0NrTQpqcStWRHRhR1Vld3QweVQzSzJVQ0F3RUFBYU5DTUVBd0RnWURWUjBQQVFIL0JBUURBZ0trTUE4R0ExVWRFd0VCCi93UUZNQU1CQWY4d0hRWURWUjBPQkJZRUZNeVBZOG9naEhoNGdIdEs0STBIKy9pbFFBakJNQTBHQ1NxR1NJYjMKRFFFQkN3VUFBNElCQVFBY01jTHBkVEJsMGlDMk9mTGVpYXdRci9QczkyQk1HNE95RDlnd0JHbmZDSmkvMHZ2UAphcnQ2MmxSNEg4NDlZNmhwZWJiQWlNc0VMS1NBcWNFRVhsb0VyOFNsYWlpM1NmMTBLMlEwc0pTcWNwSjZVTyttCms5Qzlaa1Y2OHk4bW85bDExUEZLaDZnZUlweEs0dmdXVVFPT0hsQkdtN044ZHZpVkFoTWQvT2U4SDBHQ3RmSHIKTFhDVUhEa09YNXAxVytPSC9hZDNFOVF3aGZTZ1FCTkFqUy9yYzQ2alorZUk3NG1LbTI4M20xaVExMHZHR0owMApGSUNIMytUbU1FZm41MitVWktEWnZLbmluUkN3QytDcE5rdXhPMmVaSk1pQk85cDJKb1JJQzFFUmlqQVZ6Q21TCkJOaXdGNXhsUHZPczhYRXd5UnBPalpLMC91SkMyNEVpSEZnNgotLS0tLUVORCBDRVJUSUZJQ0FURS0tLS0tCg==\n    server: https://20986b76-09e2-492a-920d-0370dbcbe669.api.k8s.fr-par.scw.cloud:6443\ncontexts:\n- name: admin@grp-4\n  context:\n    cluster: \"grp-4\"\n    user: grp-4-admin\ncurrent-context: admin@grp-4\nkind: Config\npreferences: {}\nusers:\n- name: grp-4-admin\n  user:\n    token: rJHgavOedHeqf4BjbnzdDinAZ7DByEzhTJOr7GfFTRJjIRDt5tC22K4u",
                "host": "https://20986b76-09e2-492a-920d-0370dbcbe669.api.k8s.fr-par.scw.cloud:6443",
                "token": "rJHgavOedHeqf4BjbnzdDinAZ7DByEzhTJOr7GfFTRJjIRDt5tC22K4u"
              }
            ],
            "name": "grp-4",
            "open_id_connect_config": [
              {
                "client_id": "",
                "groups_claim": [],
                "groups_prefix": "",
                "issuer_url": "",
                "required_claim": [],
                "username_claim": "",
                "username_prefix": ""
              }
            ],
            "organization_id": "b5408fa8-956a-42bc-80d5-a1d3eb031f4c",
            "private_network_id": "9ff56c46-9a70-47c2-9aac-b465a4d6f3fb",
            "project_id": "af37e4fc-e172-4e7b-807d-932ea1afe8dd",
            "region": "fr-par",
            "status": "ready",
            "tags": [
              "grp-4-cluster"
            ],
            "timeouts": null,
            "type": "kapsule",
            "updated_at": "2025-07-18T14:30:34Z",
            "upgrade_available": false,
            "version": "1.32.3",
            "wildcard_dns": "*.20986b76-09e2-492a-920d-0370dbcbe669.nodes.k8s.fr-par.scw.cloud"
          },
          "sensitive_attributes": [
            [
              {
                "type": "get_attr",
                "value": "kubeconfig"
              }
            ]
          ],
          "identity_schema_version": 0,
          "private": "eyJlMmJmYjczMC1lY2FhLTExZTYtOGY4OC0zNDM2M2JjN2M0YzAiOnsiY3JlYXRlIjo5MDAwMDAwMDAwMDAsImRlZmF1bHQiOjkwMDAwMDAwMDAwMCwiZGVsZXRlIjo5MDAwMDAwMDAwMDAsInJlYWQiOjkwMDAwMDAwMDAwMCwidXBkYXRlIjo5MDAwMDAwMDAwMDB9fQ==",
          "dependencies": [
            "scaleway_vpc.main",
            "scaleway_vpc_private_network.main"
          ]
        }
      ]
    },
    {
      "mode": "managed",
      "type": "scaleway_k8s_pool",
      "name": "pool",
      "provider": "provider[\"registry.terraform.io/scaleway/scaleway\"]",
      "instances": [
        {
          "schema_version": 0,
          "attributes": {
            "autohealing": true,
            "autoscaling": true,
            "cluster_id": "fr-par/20986b76-09e2-492a-920d-0370dbcbe669",
            "container_runtime": "containerd",
            "created_at": "2025-07-18T10:30:53Z",
            "current_size": 1,
            "id": "fr-par/fbd1f421-1cb3-4fa0-8f4c-bb2ba8f1fb18",
            "kubelet_args": {},
            "max_size": 1,
            "min_size": 1,
            "name": "grp-4-pool-1",
            "node_type": "dev1_m",
            "nodes": [
              {
                "id": "e2fce064-9d3e-45d0-a39f-9d4cc1b3d219",
                "name": "scw-grp-4-grp-4-pool-1-e2fce0649d3e45d0a39f9d4",
                "private_ips": [
                  {
                    "address": "fd5d:6059:56c1:e004:d612:3619:4800:1333",
                    "id": "fr-par/3ccf61a4-3691-4fb1-8f08-13bfd9caaf07"
                  },
                  {
                    "address": "172.16.20.3",
                    "id": "fr-par/b1491e9d-1221-4546-bc79-5b95aa1d7e92"
                  }
                ],
                "public_ip": "51.159.135.154",
                "public_ip_v6": "",
                "status": "ready"
              }
            ],
            "placement_group_id": null,
            "public_ip_disabled": false,
            "region": "fr-par",
            "root_volume_size_in_gb": 40,
            "root_volume_type": "l_ssd",
            "security_group_id": "f1324f73-eef3-4674-889d-22a65d206ce5",
            "size": 1,
            "status": "ready",
            "tags": [
              "grp-4-pool"
            ],
            "timeouts": null,
            "updated_at": "2025-07-18T14:30:37Z",
            "upgrade_policy": [
              {
                "max_surge": 0,
                "max_unavailable": 1
              }
            ],
            "version": "1.32.3",
            "wait_for_pool_ready": true,
            "zone": "fr-par-2"
          },
          "sensitive_attributes": [],
          "identity_schema_version": 0,
          "private": "eyJlMmJmYjczMC1lY2FhLTExZTYtOGY4OC0zNDM2M2JjN2M0YzAiOnsiY3JlYXRlIjoxODAwMDAwMDAwMDAwLCJkZWZhdWx0IjoxODAwMDAwMDAwMDAwLCJkZWxldGUiOjE4MDAwMDAwMDAwMDAsInJlYWQiOjE4MDAwMDAwMDAwMDAsInVwZGF0ZSI6MTgwMDAwMDAwMDAwMH19",
          "dependencies": [
            "scaleway_k8s_cluster.cluster",
            "scaleway_vpc.main",
            "scaleway_vpc_private_network.main"
          ]
        }
      ]
    },
    {
      "mode": "managed",
      "type": "scaleway_lb_ip",
      "name": "nginx_ip",
      "provider": "provider[\"registry.terraform.io/scaleway/scaleway\"]",
      "instances": [
        {
          "schema_version": 1,
          "attributes": {
            "id": "fr-par-2/9f3707d3-edd4-4d37-a5d0-3acc0f23a9a7",
            "ip_address": "51.159.85.51",
            "is_ipv6": false,
            "lb_id": "bee3fcd9-be8c-4e6d-b9ca-98cc03ee27f9",
            "organization_id": "b5408fa8-956a-42bc-80d5-a1d3eb031f4c",
            "project_id": "af37e4fc-e172-4e7b-807d-932ea1afe8dd",
            "region": "fr-par",
            "reverse": "51-159-85-51.lb.fr-par.scw.cloud",
            "tags": [],
            "timeouts": null,
            "zone": "fr-par-2"
          },
          "sensitive_attributes": [],
          "identity_schema_version": 0,
          "private": "eyJlMmJmYjczMC1lY2FhLTExZTYtOGY4OC0zNDM2M2JjN2M0YzAiOnsiY3JlYXRlIjo5MDAwMDAwMDAwMDAsImRlZmF1bHQiOjkwMDAwMDAwMDAwMCwiZGVsZXRlIjo5MDAwMDAwMDAwMDAsInJlYWQiOjkwMDAwMDAwMDAwMCwidXBkYXRlIjo5MDAwMDAwMDAwMDB9LCJzY2hlbWFfdmVyc2lvbiI6IjEifQ=="
        }
      ]
    },
    {
      "mode": "managed",
      "type": "scaleway_vpc",
      "name": "main",
      "provider": "provider[\"registry.terraform.io/scaleway/scaleway\"]",
      "instances": [
        {
          "schema_version": 0,
          "attributes": {
            "created_at": "2025-07-18T10:08:53Z",
            "enable_custom_routes_propagation": true,
            "enable_routing": true,
            "id": "fr-par/fad93ef6-bd01-4e66-bf25-d3931a0274cc",
            "is_default": false,
            "name": "grp-4-kubernetes-vpc",
            "organization_id": "b5408fa8-956a-42bc-80d5-a1d3eb031f4c",
            "project_id": "af37e4fc-e172-4e7b-807d-932ea1afe8dd",
            "region": "fr-par",
            "tags": [
              "grp-4-vpc"
            ],
            "updated_at": "2025-07-18T14:29:51Z"
          },
          "sensitive_attributes": [],
          "identity_schema_version": 0,
          "private": "bnVsbA=="
        }
      ]
    },
    {
      "mode": "managed",
      "type": "scaleway_vpc_gateway_network",
      "name": "main",
      "provider": "provider[\"registry.terraform.io/scaleway/scaleway\"]",
      "instances": [
        {
          "schema_version": 0,
          "attributes": {
            "cleanup_dhcp": null,
            "created_at": "2025-07-18T10:18:50Z",
            "dhcp_id": null,
            "enable_dhcp": null,
            "enable_masquerade": true,
            "gateway_id": "fr-par-2/dc570f44-5a46-42c6-9e65-39ff1a074d21",
            "id": "fr-par-2/ceb9b2d8-b48c-48ae-8b57-6a51861ec84c",
            "ipam_config": [
              {
                "ipam_ip_id": "adb2d758-8e86-46c4-8d56-21bf143b9176",
                "push_default_route": true
              }
            ],
            "mac_address": "02:00:00:25:FE:7F",
            "private_ip": [
              {
                "address": "172.16.20.4",
                "id": "fr-par/adb2d758-8e86-46c4-8d56-21bf143b9176"
              }
            ],
            "private_network_id": "fr-par/9ff56c46-9a70-47c2-9aac-b465a4d6f3fb",
            "static_address": null,
            "status": "ready",
            "timeouts": null,
            "updated_at": "2025-07-18T10:18:58Z",
            "zone": "fr-par-2"
          },
          "sensitive_attributes": [],
          "identity_schema_version": 0,
          "private": "eyJlMmJmYjczMC1lY2FhLTExZTYtOGY4OC0zNDM2M2JjN2M0YzAiOnsiY3JlYXRlIjo2MDAwMDAwMDAwMDAsImRlZmF1bHQiOjYwMDAwMDAwMDAwMCwiZGVsZXRlIjo2MDAwMDAwMDAwMDAsInJlYWQiOjYwMDAwMDAwMDAwMCwidXBkYXRlIjo2MDAwMDAwMDAwMDB9fQ==",
          "dependencies": [
            "scaleway_vpc.main",
            "scaleway_vpc_private_network.main",
            "scaleway_vpc_public_gateway.main",
            "scaleway_vpc_public_gateway_ip.main"
          ]
        }
      ]
    },
    {
      "mode": "managed",
      "type": "scaleway_vpc_private_network",
      "name": "main",
      "provider": "provider[\"registry.terraform.io/scaleway/scaleway\"]",
      "instances": [
        {
          "schema_version": 1,
          "attributes": {
            "created_at": "2025-07-18T10:08:53Z",
            "enable_default_route_propagation": false,
            "id": "fr-par/9ff56c46-9a70-47c2-9aac-b465a4d6f3fb",
            "ipv4_subnet": [
              {
                "address": "172.16.20.0",
                "created_at": "2025-07-18T10:08:53Z",
                "id": "8aa9f7cc-0c1f-4849-a65a-618fa944ad06",
                "prefix_length": 22,
                "subnet": "172.16.20.0/22",
                "subnet_mask": "255.255.252.0",
                "updated_at": "2025-07-18T10:08:53Z"
              }
            ],
            "ipv6_subnets": [
              {
                "address": "fd5d:6059:56c1:e004::",
                "created_at": "2025-07-18T10:08:53Z",
                "id": "62f73c07-5363-4ebf-b6d6-baffe7bfa27c",
                "prefix_length": 64,
                "subnet": "fd5d:6059:56c1:e004::/64",
                "subnet_mask": "255.255.255.255.255.255.255.255.0.0.0.0.0.0.0.0",
                "updated_at": "2025-07-18T10:08:53Z"
              }
            ],
            "is_regional": true,
            "name": "grp-4-private-network",
            "organization_id": "b5408fa8-956a-42bc-80d5-a1d3eb031f4c",
            "project_id": "af37e4fc-e172-4e7b-807d-932ea1afe8dd",
            "region": "fr-par",
            "tags": [
              "grp-4-private-network"
            ],
            "updated_at": "2025-07-18T14:29:51Z",
            "vpc_id": "fr-par/fad93ef6-bd01-4e66-bf25-d3931a0274cc",
            "zone": "fr-par-2"
          },
          "sensitive_attributes": [],
          "identity_schema_version": 0,
          "private": "eyJzY2hlbWFfdmVyc2lvbiI6IjEifQ==",
          "dependencies": [
            "scaleway_vpc.main"
          ]
        }
      ]
    },
    {
      "mode": "managed",
      "type": "scaleway_vpc_public_gateway",
      "name": "main",
      "provider": "provider[\"registry.terraform.io/scaleway/scaleway\"]",
      "instances": [
        {
          "schema_version": 0,
          "attributes": {
            "allowed_ip_ranges": [
              "0.0.0.0/0"
            ],
            "bandwidth": 100,
            "bastion_enabled": false,
            "bastion_port": 61000,
            "created_at": "2025-07-18T10:06:27Z",
            "enable_smtp": false,
            "id": "fr-par-2/dc570f44-5a46-42c6-9e65-39ff1a074d21",
            "ip_id": "fr-par-2/690e1e14-ee2f-4346-9309-1c1aaaec0848",
            "move_to_ipam": null,
            "name": "grp-4-gateway",
            "organization_id": "b5408fa8-956a-42bc-80d5-a1d3eb031f4c",
            "project_id": "af37e4fc-e172-4e7b-807d-932ea1afe8dd",
            "refresh_ssh_keys": null,
            "status": "running",
            "tags": [
              "grp-4-public-gateway"
            ],
            "timeouts": null,
            "type": "VPC-GW-S",
            "updated_at": "2025-07-18T14:29:51Z",
            "upstream_dns_servers": [],
            "zone": "fr-par-2"
          },
          "sensitive_attributes": [],
          "identity_schema_version": 0,
          "private": "eyJlMmJmYjczMC1lY2FhLTExZTYtOGY4OC0zNDM2M2JjN2M0YzAiOnsiY3JlYXRlIjo2MDAwMDAwMDAwMDAsImRlZmF1bHQiOjYwMDAwMDAwMDAwMCwiZGVsZXRlIjo2MDAwMDAwMDAwMDAsInJlYWQiOjYwMDAwMDAwMDAwMCwidXBkYXRlIjo2MDAwMDAwMDAwMDB9fQ==",
          "dependencies": [
            "scaleway_vpc_public_gateway_ip.main"
          ]
        }
      ]
    },
    {
      "mode": "managed",
      "type": "scaleway_vpc_public_gateway_ip",
      "name": "main",
      "provider": "provider[\"registry.terraform.io/scaleway/scaleway\"]",
      "instances": [
        {
          "index_key": 0,
          "schema_version": 0,
          "attributes": {
            "address": "51.159.146.229",
            "created_at": "2025-07-18T10:06:27Z",
            "id": "fr-par-2/690e1e14-ee2f-4346-9309-1c1aaaec0848",
            "organization_id": "b5408fa8-956a-42bc-80d5-a1d3eb031f4c",
            "project_id": "af37e4fc-e172-4e7b-807d-932ea1afe8dd",
            "reverse": "229-146-159-51.instances.scw.cloud",
            "tags": [],
            "updated_at": "2025-07-18T10:06:27Z",
            "zone": "fr-par-2"
          },
          "sensitive_attributes": [],
          "identity_schema_version": 0,
          "private": "bnVsbA=="
        }
      ]
    }
  ],
  "check_results": null
}
